// !$*UTF8*$!
{
	archiveVersion = 1;
	classes = {
	};
	objectVersion = 46;
	objects = {

/* Begin PBXBuildFile section */
		1E0155DE17CD429700B13BD2 /* SenTestingKitAsync.m in Sources */ = {isa = PBXBuildFile; fileRef = 1E0155DA17CD426600B13BD2 /* SenTestingKitAsync.m */; };
		1E0155DF17CD429700B13BD2 /* SenTestingKitAsync.m in Sources */ = {isa = PBXBuildFile; fileRef = 1E0155DA17CD426600B13BD2 /* SenTestingKitAsync.m */; };
		1E085B6117A45FD70067BF6E /* IKAccount.h in Headers */ = {isa = PBXBuildFile; fileRef = 1E085B5517A45FD70067BF6E /* IKAccount.h */; settings = {ATTRIBUTES = (Public, ); }; };
		1E085B6217A45FD70067BF6E /* IKAccount.m in Sources */ = {isa = PBXBuildFile; fileRef = 1E085B5617A45FD70067BF6E /* IKAccount.m */; };
		1E085B6317A45FD70067BF6E /* IKAccount.m in Sources */ = {isa = PBXBuildFile; fileRef = 1E085B5617A45FD70067BF6E /* IKAccount.m */; };
		1E085B6417A45FD70067BF6E /* IKAccount.m in Sources */ = {isa = PBXBuildFile; fileRef = 1E085B5617A45FD70067BF6E /* IKAccount.m */; };
		1E085B6517A45FD70067BF6E /* IKAccount.m in Sources */ = {isa = PBXBuildFile; fileRef = 1E085B5617A45FD70067BF6E /* IKAccount.m */; };
		1E085B6617A45FD70067BF6E /* IKAlbum.h in Headers */ = {isa = PBXBuildFile; fileRef = 1E085B5817A45FD70067BF6E /* IKAlbum.h */; settings = {ATTRIBUTES = (Public, ); }; };
		1E085B6717A45FD70067BF6E /* IKAlbum.m in Sources */ = {isa = PBXBuildFile; fileRef = 1E085B5917A45FD70067BF6E /* IKAlbum.m */; };
		1E085B6817A45FD70067BF6E /* IKAlbum.m in Sources */ = {isa = PBXBuildFile; fileRef = 1E085B5917A45FD70067BF6E /* IKAlbum.m */; };
		1E085B6917A45FD70067BF6E /* IKAlbum.m in Sources */ = {isa = PBXBuildFile; fileRef = 1E085B5917A45FD70067BF6E /* IKAlbum.m */; };
		1E085B6A17A45FD70067BF6E /* IKAlbum.m in Sources */ = {isa = PBXBuildFile; fileRef = 1E085B5917A45FD70067BF6E /* IKAlbum.m */; };
		1E085B6B17A45FD70067BF6E /* IKGalleryAlbum.h in Headers */ = {isa = PBXBuildFile; fileRef = 1E085B5A17A45FD70067BF6E /* IKGalleryAlbum.h */; settings = {ATTRIBUTES = (Public, ); }; };
		1E085B6C17A45FD70067BF6E /* IKGalleryAlbum.m in Sources */ = {isa = PBXBuildFile; fileRef = 1E085B5B17A45FD70067BF6E /* IKGalleryAlbum.m */; };
		1E085B6D17A45FD70067BF6E /* IKGalleryAlbum.m in Sources */ = {isa = PBXBuildFile; fileRef = 1E085B5B17A45FD70067BF6E /* IKGalleryAlbum.m */; };
		1E085B6E17A45FD70067BF6E /* IKGalleryAlbum.m in Sources */ = {isa = PBXBuildFile; fileRef = 1E085B5B17A45FD70067BF6E /* IKGalleryAlbum.m */; };
		1E085B6F17A45FD70067BF6E /* IKGalleryAlbum.m in Sources */ = {isa = PBXBuildFile; fileRef = 1E085B5B17A45FD70067BF6E /* IKGalleryAlbum.m */; };
		1E085B7017A45FD70067BF6E /* IKGalleryImage.h in Headers */ = {isa = PBXBuildFile; fileRef = 1E085B5D17A45FD70067BF6E /* IKGalleryImage.h */; settings = {ATTRIBUTES = (Public, ); }; };
		1E085B7117A45FD70067BF6E /* IKGalleryImage.m in Sources */ = {isa = PBXBuildFile; fileRef = 1E085B5E17A45FD70067BF6E /* IKGalleryImage.m */; };
		1E085B7217A45FD70067BF6E /* IKGalleryImage.m in Sources */ = {isa = PBXBuildFile; fileRef = 1E085B5E17A45FD70067BF6E /* IKGalleryImage.m */; };
		1E085B7317A45FD70067BF6E /* IKGalleryImage.m in Sources */ = {isa = PBXBuildFile; fileRef = 1E085B5E17A45FD70067BF6E /* IKGalleryImage.m */; };
		1E085B7417A45FD70067BF6E /* IKGalleryImage.m in Sources */ = {isa = PBXBuildFile; fileRef = 1E085B5E17A45FD70067BF6E /* IKGalleryImage.m */; };
		1E085B7517A45FD70067BF6E /* IKImage.h in Headers */ = {isa = PBXBuildFile; fileRef = 1E085B5F17A45FD70067BF6E /* IKImage.h */; settings = {ATTRIBUTES = (Public, ); }; };
		1E085B7617A45FD70067BF6E /* IKImage.m in Sources */ = {isa = PBXBuildFile; fileRef = 1E085B6017A45FD70067BF6E /* IKImage.m */; };
		1E085B7717A45FD70067BF6E /* IKImage.m in Sources */ = {isa = PBXBuildFile; fileRef = 1E085B6017A45FD70067BF6E /* IKImage.m */; };
		1E085B7817A45FD70067BF6E /* IKImage.m in Sources */ = {isa = PBXBuildFile; fileRef = 1E085B6017A45FD70067BF6E /* IKImage.m */; };
		1E085B7917A45FD70067BF6E /* IKImage.m in Sources */ = {isa = PBXBuildFile; fileRef = 1E085B6017A45FD70067BF6E /* IKImage.m */; };
		1E085B7A17A45FEF0067BF6E /* IKAccount.h in CopyFiles */ = {isa = PBXBuildFile; fileRef = 1E085B5517A45FD70067BF6E /* IKAccount.h */; };
		1E085B7B17A45FEF0067BF6E /* IKAlbum.h in CopyFiles */ = {isa = PBXBuildFile; fileRef = 1E085B5817A45FD70067BF6E /* IKAlbum.h */; };
		1E085B7C17A45FEF0067BF6E /* IKGalleryAlbum.h in CopyFiles */ = {isa = PBXBuildFile; fileRef = 1E085B5A17A45FD70067BF6E /* IKGalleryAlbum.h */; };
		1E085B7D17A45FEF0067BF6E /* IKImage.h in CopyFiles */ = {isa = PBXBuildFile; fileRef = 1E085B5F17A45FD70067BF6E /* IKImage.h */; };
		1E085B7E17A45FEF0067BF6E /* IKGalleryImage.h in CopyFiles */ = {isa = PBXBuildFile; fileRef = 1E085B5D17A45FD70067BF6E /* IKGalleryImage.h */; };
		1E1445AD180AE644001D98BF /* NSURL+ImgurKit.h in Headers */ = {isa = PBXBuildFile; fileRef = 1E1445AB180AE644001D98BF /* NSURL+ImgurKit.h */; settings = {ATTRIBUTES = (Public, ); }; };
		1E1445B2180AE657001D98BF /* NSURL+ImgurKit.h in CopyFiles */ = {isa = PBXBuildFile; fileRef = 1E1445AB180AE644001D98BF /* NSURL+ImgurKit.h */; };
		1E1445BA180AF56F001D98BF /* NSURL+ImgurKit.m in Sources */ = {isa = PBXBuildFile; fileRef = 1E1445AC180AE644001D98BF /* NSURL+ImgurKit.m */; };
		1E1445BB180AF56F001D98BF /* NSURL+ImgurKit.m in Sources */ = {isa = PBXBuildFile; fileRef = 1E1445AC180AE644001D98BF /* NSURL+ImgurKit.m */; };
		1E1445BC180AF625001D98BF /* NSURL+ImgurKit.m in Sources */ = {isa = PBXBuildFile; fileRef = 1E1445AC180AE644001D98BF /* NSURL+ImgurKit.m */; };
		1E1445BD180AF626001D98BF /* NSURL+ImgurKit.m in Sources */ = {isa = PBXBuildFile; fileRef = 1E1445AC180AE644001D98BF /* NSURL+ImgurKit.m */; };
		1E1A25A8181DDE9B00C8ECAA /* ReactiveCocoa.framework in Frameworks */ = {isa = PBXBuildFile; fileRef = 1E1A2599181DDE8300C8ECAA /* ReactiveCocoa.framework */; };
		1E1A25AB181DDEA900C8ECAA /* ReactiveCocoa.framework in Frameworks */ = {isa = PBXBuildFile; fileRef = 1E1A2599181DDE8300C8ECAA /* ReactiveCocoa.framework */; };
		1E1A25AE181DDEB200C8ECAA /* libReactiveCocoa-iOS.a in Frameworks */ = {isa = PBXBuildFile; fileRef = 1E1A259B181DDE8300C8ECAA /* libReactiveCocoa-iOS.a */; };
		1E1A25B1181DDEBF00C8ECAA /* libReactiveCocoa-iOS.a in Frameworks */ = {isa = PBXBuildFile; fileRef = 1E1A259B181DDE8300C8ECAA /* libReactiveCocoa-iOS.a */; };
		1E3A765218411B8100C40747 /* NSError+ImgurKit.h in Headers */ = {isa = PBXBuildFile; fileRef = 1E3A765018411B8100C40747 /* NSError+ImgurKit.h */; };
		1E3A765318411B8100C40747 /* NSError+ImgurKit.m in Sources */ = {isa = PBXBuildFile; fileRef = 1E3A765118411B8100C40747 /* NSError+ImgurKit.m */; };
		1E3A765418411B8100C40747 /* NSError+ImgurKit.m in Sources */ = {isa = PBXBuildFile; fileRef = 1E3A765118411B8100C40747 /* NSError+ImgurKit.m */; };
		1E3A765518411B8100C40747 /* NSError+ImgurKit.m in Sources */ = {isa = PBXBuildFile; fileRef = 1E3A765118411B8100C40747 /* NSError+ImgurKit.m */; };
		1E3A765618411B8100C40747 /* NSError+ImgurKit.m in Sources */ = {isa = PBXBuildFile; fileRef = 1E3A765118411B8100C40747 /* NSError+ImgurKit.m */; };
		1E3E50DB177BB58F007E85A2 /* AFHTTPClient.m in Sources */ = {isa = PBXBuildFile; fileRef = 1EB9658917785ECD005AA1D5 /* AFHTTPClient.m */; };
		1E3E50DC177BB58F007E85A2 /* AFHTTPRequestOperation.m in Sources */ = {isa = PBXBuildFile; fileRef = 1EB9658B17785ECD005AA1D5 /* AFHTTPRequestOperation.m */; };
		1E3E50DD177BB58F007E85A2 /* AFImageRequestOperation.m in Sources */ = {isa = PBXBuildFile; fileRef = 1EB9658D17785ECD005AA1D5 /* AFImageRequestOperation.m */; };
		1E3E50DE177BB58F007E85A2 /* AFJSONRequestOperation.m in Sources */ = {isa = PBXBuildFile; fileRef = 1EB9658F17785ECD005AA1D5 /* AFJSONRequestOperation.m */; };
		1E3E50DF177BB58F007E85A2 /* AFNetworkActivityIndicatorManager.m in Sources */ = {isa = PBXBuildFile; fileRef = 1EB9659117785ECD005AA1D5 /* AFNetworkActivityIndicatorManager.m */; };
		1E3E50E0177BB58F007E85A2 /* AFPropertyListRequestOperation.m in Sources */ = {isa = PBXBuildFile; fileRef = 1EB9659417785ECD005AA1D5 /* AFPropertyListRequestOperation.m */; };
		1E3E50E1177BB58F007E85A2 /* AFURLConnectionOperation.m in Sources */ = {isa = PBXBuildFile; fileRef = 1EB9659617785ECD005AA1D5 /* AFURLConnectionOperation.m */; };
		1E3E50E2177BB58F007E85A2 /* AFXMLRequestOperation.m in Sources */ = {isa = PBXBuildFile; fileRef = 1EB9659817785ECD005AA1D5 /* AFXMLRequestOperation.m */; };
		1E3E50E3177BB58F007E85A2 /* UIImageView+AFNetworking.m in Sources */ = {isa = PBXBuildFile; fileRef = 1EB9659A17785ECD005AA1D5 /* UIImageView+AFNetworking.m */; };
		1E3E50E4177BB58F007E85A2 /* AFOAuth2Client.m in Sources */ = {isa = PBXBuildFile; fileRef = 1EB9665817789417005AA1D5 /* AFOAuth2Client.m */; };
		1E3E50E5177BB58F007E85A2 /* AFHTTPClient.m in Sources */ = {isa = PBXBuildFile; fileRef = 1EB9658917785ECD005AA1D5 /* AFHTTPClient.m */; };
		1E3E50E6177BB58F007E85A2 /* AFHTTPRequestOperation.m in Sources */ = {isa = PBXBuildFile; fileRef = 1EB9658B17785ECD005AA1D5 /* AFHTTPRequestOperation.m */; };
		1E3E50E7177BB58F007E85A2 /* AFImageRequestOperation.m in Sources */ = {isa = PBXBuildFile; fileRef = 1EB9658D17785ECD005AA1D5 /* AFImageRequestOperation.m */; };
		1E3E50E8177BB58F007E85A2 /* AFJSONRequestOperation.m in Sources */ = {isa = PBXBuildFile; fileRef = 1EB9658F17785ECD005AA1D5 /* AFJSONRequestOperation.m */; };
		1E3E50E9177BB58F007E85A2 /* AFNetworkActivityIndicatorManager.m in Sources */ = {isa = PBXBuildFile; fileRef = 1EB9659117785ECD005AA1D5 /* AFNetworkActivityIndicatorManager.m */; };
		1E3E50EA177BB58F007E85A2 /* AFPropertyListRequestOperation.m in Sources */ = {isa = PBXBuildFile; fileRef = 1EB9659417785ECD005AA1D5 /* AFPropertyListRequestOperation.m */; };
		1E3E50EB177BB58F007E85A2 /* AFURLConnectionOperation.m in Sources */ = {isa = PBXBuildFile; fileRef = 1EB9659617785ECD005AA1D5 /* AFURLConnectionOperation.m */; };
		1E3E50EC177BB58F007E85A2 /* AFXMLRequestOperation.m in Sources */ = {isa = PBXBuildFile; fileRef = 1EB9659817785ECD005AA1D5 /* AFXMLRequestOperation.m */; };
		1E3E50ED177BB58F007E85A2 /* UIImageView+AFNetworking.m in Sources */ = {isa = PBXBuildFile; fileRef = 1EB9659A17785ECD005AA1D5 /* UIImageView+AFNetworking.m */; };
		1E3E50EE177BB58F007E85A2 /* AFOAuth2Client.m in Sources */ = {isa = PBXBuildFile; fileRef = 1EB9665817789417005AA1D5 /* AFOAuth2Client.m */; };
		1E3E5156177BB822007E85A2 /* SenTestingKit.framework in Frameworks */ = {isa = PBXBuildFile; fileRef = 1E9A838C177BAAAC00F01B05 /* SenTestingKit.framework */; };
		1E3E515A177BB8AF007E85A2 /* Foundation.framework in Frameworks */ = {isa = PBXBuildFile; fileRef = 1E9A8390177BAAE200F01B05 /* Foundation.framework */; };
		1E3E515B177BB8AF007E85A2 /* Security.framework in Frameworks */ = {isa = PBXBuildFile; fileRef = 1E9A834F177BA83A00F01B05 /* Security.framework */; };
		1E3E515C177BB8AF007E85A2 /* SystemConfiguration.framework in Frameworks */ = {isa = PBXBuildFile; fileRef = 1EB9658117785DC8005AA1D5 /* SystemConfiguration.framework */; };
		1E3E515D177BB8B9007E85A2 /* MobileCoreServices.framework in Frameworks */ = {isa = PBXBuildFile; fileRef = 1EB9657D17785CEE005AA1D5 /* MobileCoreServices.framework */; };
		1E3E515F177BB964007E85A2 /* UIKit.framework in Frameworks */ = {isa = PBXBuildFile; fileRef = 1E3E515E177BB963007E85A2 /* UIKit.framework */; };
		1E3E5161177BB96C007E85A2 /* CoreGraphics.framework in Frameworks */ = {isa = PBXBuildFile; fileRef = 1E3E5160177BB96C007E85A2 /* CoreGraphics.framework */; };
		1E3E5162177BB972007E85A2 /* UIKit.framework in Frameworks */ = {isa = PBXBuildFile; fileRef = 1E3E515E177BB963007E85A2 /* UIKit.framework */; };
		1E3E5163177BB979007E85A2 /* CoreGraphics.framework in Frameworks */ = {isa = PBXBuildFile; fileRef = 1E3E5160177BB96C007E85A2 /* CoreGraphics.framework */; };
		1E8C72C3177F3B7D00DEE26C /* IKClient.h in Headers */ = {isa = PBXBuildFile; fileRef = 1E8C72C1177F3B7D00DEE26C /* IKClient.h */; settings = {ATTRIBUTES = (Public, ); }; };
		1E8C72C4177F3B7D00DEE26C /* IKClient.m in Sources */ = {isa = PBXBuildFile; fileRef = 1E8C72C2177F3B7D00DEE26C /* IKClient.m */; };
		1E8C72C5177F3B7D00DEE26C /* IKClient.m in Sources */ = {isa = PBXBuildFile; fileRef = 1E8C72C2177F3B7D00DEE26C /* IKClient.m */; };
		1E8C72C6177F3B7D00DEE26C /* IKClient.m in Sources */ = {isa = PBXBuildFile; fileRef = 1E8C72C2177F3B7D00DEE26C /* IKClient.m */; };
		1E8C72C7177F3B7D00DEE26C /* IKClient.m in Sources */ = {isa = PBXBuildFile; fileRef = 1E8C72C2177F3B7D00DEE26C /* IKClient.m */; };
		1E8C72C8177F3BAD00DEE26C /* IKClient.h in CopyFiles */ = {isa = PBXBuildFile; fileRef = 1E8C72C1177F3B7D00DEE26C /* IKClient.h */; };
		1E929ECA1799D73900D8CFD3 /* AFHTTPClient.h in CopyFiles */ = {isa = PBXBuildFile; fileRef = 1EB9658817785ECD005AA1D5 /* AFHTTPClient.h */; };
		1E929ECB1799D73900D8CFD3 /* AFHTTPRequestOperation.h in CopyFiles */ = {isa = PBXBuildFile; fileRef = 1EB9658A17785ECD005AA1D5 /* AFHTTPRequestOperation.h */; };
		1E929ECC1799D73900D8CFD3 /* AFImageRequestOperation.h in CopyFiles */ = {isa = PBXBuildFile; fileRef = 1EB9658C17785ECD005AA1D5 /* AFImageRequestOperation.h */; };
		1E929ECD1799D73900D8CFD3 /* AFJSONRequestOperation.h in CopyFiles */ = {isa = PBXBuildFile; fileRef = 1EB9658E17785ECD005AA1D5 /* AFJSONRequestOperation.h */; };
		1E929ECE1799D73900D8CFD3 /* AFNetworkActivityIndicatorManager.h in CopyFiles */ = {isa = PBXBuildFile; fileRef = 1EB9659017785ECD005AA1D5 /* AFNetworkActivityIndicatorManager.h */; };
		1E929ECF1799D73900D8CFD3 /* AFNetworking.h in CopyFiles */ = {isa = PBXBuildFile; fileRef = 1EB9659217785ECD005AA1D5 /* AFNetworking.h */; };
		1E929ED01799D73900D8CFD3 /* AFPropertyListRequestOperation.h in CopyFiles */ = {isa = PBXBuildFile; fileRef = 1EB9659317785ECD005AA1D5 /* AFPropertyListRequestOperation.h */; };
		1E929ED11799D73900D8CFD3 /* AFURLConnectionOperation.h in CopyFiles */ = {isa = PBXBuildFile; fileRef = 1EB9659517785ECD005AA1D5 /* AFURLConnectionOperation.h */; };
		1E929ED21799D73900D8CFD3 /* AFXMLRequestOperation.h in CopyFiles */ = {isa = PBXBuildFile; fileRef = 1EB9659717785ECD005AA1D5 /* AFXMLRequestOperation.h */; };
		1E929ED31799D73900D8CFD3 /* UIImageView+AFNetworking.h in CopyFiles */ = {isa = PBXBuildFile; fileRef = 1EB9659917785ECD005AA1D5 /* UIImageView+AFNetworking.h */; };
		1E929ED6179A1D1700D8CFD3 /* ImgurKitTests.m in Sources */ = {isa = PBXBuildFile; fileRef = 1E929ED5179A1D1700D8CFD3 /* ImgurKitTests.m */; };
		1E929ED7179A1D1700D8CFD3 /* ImgurKitTests.m in Sources */ = {isa = PBXBuildFile; fileRef = 1E929ED5179A1D1700D8CFD3 /* ImgurKitTests.m */; };
		1E9A834E177BA83200F01B05 /* Security.framework in Frameworks */ = {isa = PBXBuildFile; fileRef = 1E9A834D177BA83200F01B05 /* Security.framework */; };
		1E9A8350177BA83A00F01B05 /* Security.framework in Frameworks */ = {isa = PBXBuildFile; fileRef = 1E9A834F177BA83A00F01B05 /* Security.framework */; };
		1E9A8387177BAA9300F01B05 /* AppKit.framework in Frameworks */ = {isa = PBXBuildFile; fileRef = 1EB9664E17786FB3005AA1D5 /* AppKit.framework */; };
		1E9A8388177BAA9300F01B05 /* CoreServices.framework in Frameworks */ = {isa = PBXBuildFile; fileRef = 1EB9657917785CC1005AA1D5 /* CoreServices.framework */; };
		1E9A8389177BAA9300F01B05 /* Security.framework in Frameworks */ = {isa = PBXBuildFile; fileRef = 1E9A834D177BA83200F01B05 /* Security.framework */; };
		1E9A838A177BAAA700F01B05 /* Foundation.framework in Frameworks */ = {isa = PBXBuildFile; fileRef = 1EB963B717783D08005AA1D5 /* Foundation.framework */; };
		1E9A838B177BAAA700F01B05 /* SystemConfiguration.framework in Frameworks */ = {isa = PBXBuildFile; fileRef = 1EB9657A17785CC1005AA1D5 /* SystemConfiguration.framework */; };
		1E9A838D177BAAAC00F01B05 /* SenTestingKit.framework in Frameworks */ = {isa = PBXBuildFile; fileRef = 1E9A838C177BAAAC00F01B05 /* SenTestingKit.framework */; };
		1EB963B817783D08005AA1D5 /* Foundation.framework in Frameworks */ = {isa = PBXBuildFile; fileRef = 1EB963B717783D08005AA1D5 /* Foundation.framework */; };
		1EB963C317783D99005AA1D5 /* ImgurKit.h in CopyFiles */ = {isa = PBXBuildFile; fileRef = 1EB963A91778341A005AA1D5 /* ImgurKit.h */; };
		1EB963C417783DA2005AA1D5 /* ImgurKit.h in Headers */ = {isa = PBXBuildFile; fileRef = 1EB963A91778341A005AA1D5 /* ImgurKit.h */; settings = {ATTRIBUTES = (Public, ); }; };
		1EB963C617783EE6005AA1D5 /* Foundation.framework in Frameworks */ = {isa = PBXBuildFile; fileRef = 1EB963B717783D08005AA1D5 /* Foundation.framework */; };
		1EB9657B17785CC1005AA1D5 /* CoreServices.framework in Frameworks */ = {isa = PBXBuildFile; fileRef = 1EB9657917785CC1005AA1D5 /* CoreServices.framework */; };
		1EB9657C17785CC1005AA1D5 /* SystemConfiguration.framework in Frameworks */ = {isa = PBXBuildFile; fileRef = 1EB9657A17785CC1005AA1D5 /* SystemConfiguration.framework */; };
		1EB9657F17785CEE005AA1D5 /* MobileCoreServices.framework in Frameworks */ = {isa = PBXBuildFile; fileRef = 1EB9657D17785CEE005AA1D5 /* MobileCoreServices.framework */; };
		1EB9658217785DC8005AA1D5 /* SystemConfiguration.framework in Frameworks */ = {isa = PBXBuildFile; fileRef = 1EB9658117785DC8005AA1D5 /* SystemConfiguration.framework */; };
		1EB965E417785ECE005AA1D5 /* AFHTTPClient.h in Headers */ = {isa = PBXBuildFile; fileRef = 1EB9658817785ECD005AA1D5 /* AFHTTPClient.h */; settings = {ATTRIBUTES = (Public, ); }; };
		1EB965E517785ECE005AA1D5 /* AFHTTPClient.m in Sources */ = {isa = PBXBuildFile; fileRef = 1EB9658917785ECD005AA1D5 /* AFHTTPClient.m */; };
		1EB965E617785ECE005AA1D5 /* AFHTTPClient.m in Sources */ = {isa = PBXBuildFile; fileRef = 1EB9658917785ECD005AA1D5 /* AFHTTPClient.m */; };
		1EB965E717785ECE005AA1D5 /* AFHTTPRequestOperation.h in Headers */ = {isa = PBXBuildFile; fileRef = 1EB9658A17785ECD005AA1D5 /* AFHTTPRequestOperation.h */; settings = {ATTRIBUTES = (Public, ); }; };
		1EB965E817785ECE005AA1D5 /* AFHTTPRequestOperation.m in Sources */ = {isa = PBXBuildFile; fileRef = 1EB9658B17785ECD005AA1D5 /* AFHTTPRequestOperation.m */; };
		1EB965E917785ECE005AA1D5 /* AFHTTPRequestOperation.m in Sources */ = {isa = PBXBuildFile; fileRef = 1EB9658B17785ECD005AA1D5 /* AFHTTPRequestOperation.m */; };
		1EB965EA17785ECE005AA1D5 /* AFImageRequestOperation.h in Headers */ = {isa = PBXBuildFile; fileRef = 1EB9658C17785ECD005AA1D5 /* AFImageRequestOperation.h */; settings = {ATTRIBUTES = (Public, ); }; };
		1EB965EB17785ECE005AA1D5 /* AFImageRequestOperation.m in Sources */ = {isa = PBXBuildFile; fileRef = 1EB9658D17785ECD005AA1D5 /* AFImageRequestOperation.m */; };
		1EB965EC17785ECE005AA1D5 /* AFImageRequestOperation.m in Sources */ = {isa = PBXBuildFile; fileRef = 1EB9658D17785ECD005AA1D5 /* AFImageRequestOperation.m */; };
		1EB965ED17785ECE005AA1D5 /* AFJSONRequestOperation.h in Headers */ = {isa = PBXBuildFile; fileRef = 1EB9658E17785ECD005AA1D5 /* AFJSONRequestOperation.h */; settings = {ATTRIBUTES = (Public, ); }; };
		1EB965EE17785ECE005AA1D5 /* AFJSONRequestOperation.m in Sources */ = {isa = PBXBuildFile; fileRef = 1EB9658F17785ECD005AA1D5 /* AFJSONRequestOperation.m */; };
		1EB965EF17785ECE005AA1D5 /* AFJSONRequestOperation.m in Sources */ = {isa = PBXBuildFile; fileRef = 1EB9658F17785ECD005AA1D5 /* AFJSONRequestOperation.m */; };
		1EB965F017785ECE005AA1D5 /* AFNetworkActivityIndicatorManager.h in Headers */ = {isa = PBXBuildFile; fileRef = 1EB9659017785ECD005AA1D5 /* AFNetworkActivityIndicatorManager.h */; settings = {ATTRIBUTES = (Public, ); }; };
		1EB965F117785ECE005AA1D5 /* AFNetworkActivityIndicatorManager.m in Sources */ = {isa = PBXBuildFile; fileRef = 1EB9659117785ECD005AA1D5 /* AFNetworkActivityIndicatorManager.m */; };
		1EB965F217785ECE005AA1D5 /* AFNetworkActivityIndicatorManager.m in Sources */ = {isa = PBXBuildFile; fileRef = 1EB9659117785ECD005AA1D5 /* AFNetworkActivityIndicatorManager.m */; };
		1EB965F317785ECE005AA1D5 /* AFNetworking.h in Headers */ = {isa = PBXBuildFile; fileRef = 1EB9659217785ECD005AA1D5 /* AFNetworking.h */; settings = {ATTRIBUTES = (Public, ); }; };
		1EB965F417785ECE005AA1D5 /* AFPropertyListRequestOperation.h in Headers */ = {isa = PBXBuildFile; fileRef = 1EB9659317785ECD005AA1D5 /* AFPropertyListRequestOperation.h */; settings = {ATTRIBUTES = (Public, ); }; };
		1EB965F517785ECE005AA1D5 /* AFPropertyListRequestOperation.m in Sources */ = {isa = PBXBuildFile; fileRef = 1EB9659417785ECD005AA1D5 /* AFPropertyListRequestOperation.m */; };
		1EB965F617785ECE005AA1D5 /* AFPropertyListRequestOperation.m in Sources */ = {isa = PBXBuildFile; fileRef = 1EB9659417785ECD005AA1D5 /* AFPropertyListRequestOperation.m */; };
		1EB965F717785ECE005AA1D5 /* AFURLConnectionOperation.h in Headers */ = {isa = PBXBuildFile; fileRef = 1EB9659517785ECD005AA1D5 /* AFURLConnectionOperation.h */; settings = {ATTRIBUTES = (Public, ); }; };
		1EB965F817785ECE005AA1D5 /* AFURLConnectionOperation.m in Sources */ = {isa = PBXBuildFile; fileRef = 1EB9659617785ECD005AA1D5 /* AFURLConnectionOperation.m */; };
		1EB965F917785ECE005AA1D5 /* AFURLConnectionOperation.m in Sources */ = {isa = PBXBuildFile; fileRef = 1EB9659617785ECD005AA1D5 /* AFURLConnectionOperation.m */; };
		1EB965FA17785ECE005AA1D5 /* AFXMLRequestOperation.h in Headers */ = {isa = PBXBuildFile; fileRef = 1EB9659717785ECD005AA1D5 /* AFXMLRequestOperation.h */; settings = {ATTRIBUTES = (Public, ); }; };
		1EB965FB17785ECE005AA1D5 /* AFXMLRequestOperation.m in Sources */ = {isa = PBXBuildFile; fileRef = 1EB9659817785ECD005AA1D5 /* AFXMLRequestOperation.m */; };
		1EB965FC17785ECE005AA1D5 /* AFXMLRequestOperation.m in Sources */ = {isa = PBXBuildFile; fileRef = 1EB9659817785ECD005AA1D5 /* AFXMLRequestOperation.m */; };
		1EB965FD17785ECE005AA1D5 /* UIImageView+AFNetworking.h in Headers */ = {isa = PBXBuildFile; fileRef = 1EB9659917785ECD005AA1D5 /* UIImageView+AFNetworking.h */; settings = {ATTRIBUTES = (Public, ); }; };
		1EB965FE17785ECE005AA1D5 /* UIImageView+AFNetworking.m in Sources */ = {isa = PBXBuildFile; fileRef = 1EB9659A17785ECD005AA1D5 /* UIImageView+AFNetworking.m */; };
		1EB965FF17785ECE005AA1D5 /* UIImageView+AFNetworking.m in Sources */ = {isa = PBXBuildFile; fileRef = 1EB9659A17785ECD005AA1D5 /* UIImageView+AFNetworking.m */; };
		1EB9664F17786FB3005AA1D5 /* AppKit.framework in Frameworks */ = {isa = PBXBuildFile; fileRef = 1EB9664E17786FB3005AA1D5 /* AppKit.framework */; };
		1EB9665917789417005AA1D5 /* AFOAuth2Client.h in Headers */ = {isa = PBXBuildFile; fileRef = 1EB9665717789417005AA1D5 /* AFOAuth2Client.h */; settings = {ATTRIBUTES = (Public, ); }; };
		1EB9665A17789417005AA1D5 /* AFOAuth2Client.m in Sources */ = {isa = PBXBuildFile; fileRef = 1EB9665817789417005AA1D5 /* AFOAuth2Client.m */; };
		1EB9665B17789417005AA1D5 /* AFOAuth2Client.m in Sources */ = {isa = PBXBuildFile; fileRef = 1EB9665817789417005AA1D5 /* AFOAuth2Client.m */; };
		1ECDA90818442C0E008E249F /* NSError+ImgurKit.h in CopyFiles */ = {isa = PBXBuildFile; fileRef = 1E3A765018411B8100C40747 /* NSError+ImgurKit.h */; };
		1EDC1BA917D7A83F00880981 /* image-example.jpg in Resources */ = {isa = PBXBuildFile; fileRef = 1EDC1BA817D7A79500880981 /* image-example.jpg */; };
		1EDC1BAA17D7A84000880981 /* image-example.jpg in Resources */ = {isa = PBXBuildFile; fileRef = 1EDC1BA817D7A79500880981 /* image-example.jpg */; };
		1EDDF29717A461220076314A /* IKBasicAlbum.h in Headers */ = {isa = PBXBuildFile; fileRef = 1EDDF29517A461220076314A /* IKBasicAlbum.h */; settings = {ATTRIBUTES = (Public, ); }; };
		1EDDF29817A461220076314A /* IKBasicAlbum.m in Sources */ = {isa = PBXBuildFile; fileRef = 1EDDF29617A461220076314A /* IKBasicAlbum.m */; };
		1EDDF29917A461220076314A /* IKBasicAlbum.m in Sources */ = {isa = PBXBuildFile; fileRef = 1EDDF29617A461220076314A /* IKBasicAlbum.m */; };
		1EDDF29A17A461220076314A /* IKBasicAlbum.m in Sources */ = {isa = PBXBuildFile; fileRef = 1EDDF29617A461220076314A /* IKBasicAlbum.m */; };
		1EDDF29B17A461220076314A /* IKBasicAlbum.m in Sources */ = {isa = PBXBuildFile; fileRef = 1EDDF29617A461220076314A /* IKBasicAlbum.m */; };
		1EDDF29E17A4612B0076314A /* IKBasicImage.h in Headers */ = {isa = PBXBuildFile; fileRef = 1EDDF29C17A4612B0076314A /* IKBasicImage.h */; settings = {ATTRIBUTES = (Public, ); }; };
		1EDDF29F17A4612B0076314A /* IKBasicImage.m in Sources */ = {isa = PBXBuildFile; fileRef = 1EDDF29D17A4612B0076314A /* IKBasicImage.m */; };
		1EDDF2A017A4612B0076314A /* IKBasicImage.m in Sources */ = {isa = PBXBuildFile; fileRef = 1EDDF29D17A4612B0076314A /* IKBasicImage.m */; };
		1EDDF2A117A4612B0076314A /* IKBasicImage.m in Sources */ = {isa = PBXBuildFile; fileRef = 1EDDF29D17A4612B0076314A /* IKBasicImage.m */; };
		1EDDF2A217A4612B0076314A /* IKBasicImage.m in Sources */ = {isa = PBXBuildFile; fileRef = 1EDDF29D17A4612B0076314A /* IKBasicImage.m */; };
		1EDDF2A317A461330076314A /* IKBasicAlbum.h in CopyFiles */ = {isa = PBXBuildFile; fileRef = 1EDDF29517A461220076314A /* IKBasicAlbum.h */; };
		1EDDF2A417A461330076314A /* IKBasicImage.h in CopyFiles */ = {isa = PBXBuildFile; fileRef = 1EDDF29C17A4612B0076314A /* IKBasicImage.h */; };
		1EF35B4417C6C24E003000FE /* IKVote.h in Headers */ = {isa = PBXBuildFile; fileRef = 1EF35B4317C6C24D003000FE /* IKVote.h */; settings = {ATTRIBUTES = (Public, ); }; };
		1EF35B4517C6C2A3003000FE /* IKVote.h in CopyFiles */ = {isa = PBXBuildFile; fileRef = 1EF35B4317C6C24D003000FE /* IKVote.h */; };
/* End PBXBuildFile section */

/* Begin PBXContainerItemProxy section */
		1E1A2598181DDE8300C8ECAA /* PBXContainerItemProxy */ = {
			isa = PBXContainerItemProxy;
			containerPortal = 1E1A258C181DDE8200C8ECAA /* ReactiveCocoa.xcodeproj */;
			proxyType = 2;
			remoteGlobalIDString = 88037F8315056328001A5B19;
			remoteInfo = ReactiveCocoa;
		};
		1E1A259A181DDE8300C8ECAA /* PBXContainerItemProxy */ = {
			isa = PBXContainerItemProxy;
			containerPortal = 1E1A258C181DDE8200C8ECAA /* ReactiveCocoa.xcodeproj */;
			proxyType = 2;
			remoteGlobalIDString = 88F440AB153DAC820097B4C3;
			remoteInfo = "ReactiveCocoa-iOS";
		};
		1E1A259C181DDE8300C8ECAA /* PBXContainerItemProxy */ = {
			isa = PBXContainerItemProxy;
			containerPortal = 1E1A258C181DDE8200C8ECAA /* ReactiveCocoa.xcodeproj */;
			proxyType = 2;
			remoteGlobalIDString = 88CDF7DC15000FCF00163A9F;
			remoteInfo = ReactiveCocoaTests;
		};
		1E1A259E181DDE8300C8ECAA /* PBXContainerItemProxy */ = {
			isa = PBXContainerItemProxy;
			containerPortal = 1E1A258C181DDE8200C8ECAA /* ReactiveCocoa.xcodeproj */;
			proxyType = 2;
			remoteGlobalIDString = 5FAF5223174D4C2000CAC810;
			remoteInfo = "ReactiveCocoaTests-iOS";
		};
		1E1A25A0181DDE8300C8ECAA /* PBXContainerItemProxy */ = {
			isa = PBXContainerItemProxy;
			containerPortal = 1E1A258C181DDE8200C8ECAA /* ReactiveCocoa.xcodeproj */;
			proxyType = 2;
			remoteGlobalIDString = 1860F412177C91B500C7B3C9;
			remoteInfo = "ReactiveCocoa-iOS-UIKitTestHost";
		};
		1E1A25A2181DDE8300C8ECAA /* PBXContainerItemProxy */ = {
			isa = PBXContainerItemProxy;
			containerPortal = 1E1A258C181DDE8200C8ECAA /* ReactiveCocoa.xcodeproj */;
			proxyType = 2;
			remoteGlobalIDString = 1860F430177C91B500C7B3C9;
			remoteInfo = "ReactiveCocoa-iOS-UIKitTestHostTests";
		};
		1E1A25A4181DDE8300C8ECAA /* PBXContainerItemProxy */ = {
			isa = PBXContainerItemProxy;
			containerPortal = 1E1A258C181DDE8200C8ECAA /* ReactiveCocoa.xcodeproj */;
			proxyType = 2;
			remoteGlobalIDString = D05AD39417F2D56F0080895B;
			remoteInfo = "ReactiveCocoa-Mac";
		};
		1E1A25A6181DDE9800C8ECAA /* PBXContainerItemProxy */ = {
			isa = PBXContainerItemProxy;
			containerPortal = 1E1A258C181DDE8200C8ECAA /* ReactiveCocoa.xcodeproj */;
			proxyType = 1;
			remoteGlobalIDString = 88037F8215056328001A5B19;
			remoteInfo = ReactiveCocoa;
		};
		1E1A25A9181DDEA400C8ECAA /* PBXContainerItemProxy */ = {
			isa = PBXContainerItemProxy;
			containerPortal = 1E1A258C181DDE8200C8ECAA /* ReactiveCocoa.xcodeproj */;
			proxyType = 1;
			remoteGlobalIDString = 88037F8215056328001A5B19;
			remoteInfo = ReactiveCocoa;
		};
		1E1A25AC181DDEAE00C8ECAA /* PBXContainerItemProxy */ = {
			isa = PBXContainerItemProxy;
			containerPortal = 1E1A258C181DDE8200C8ECAA /* ReactiveCocoa.xcodeproj */;
			proxyType = 1;
			remoteGlobalIDString = 88037F8215056328001A5B19;
			remoteInfo = ReactiveCocoa;
		};
		1E1A25AF181DDEB800C8ECAA /* PBXContainerItemProxy */ = {
			isa = PBXContainerItemProxy;
			containerPortal = 1E1A258C181DDE8200C8ECAA /* ReactiveCocoa.xcodeproj */;
			proxyType = 1;
			remoteGlobalIDString = 88037F8215056328001A5B19;
			remoteInfo = ReactiveCocoa;
		};
/* End PBXContainerItemProxy section */

/* Begin PBXCopyFilesBuildPhase section */
		1EB963B417783D08005AA1D5 /* CopyFiles */ = {
			isa = PBXCopyFilesBuildPhase;
			buildActionMask = 2147483647;
			dstPath = "include/${PRODUCT_NAME}";
			dstSubfolderSpec = 16;
			files = (
				1ECDA90818442C0E008E249F /* NSError+ImgurKit.h in CopyFiles */,
				1E1445B2180AE657001D98BF /* NSURL+ImgurKit.h in CopyFiles */,
				1EF35B4517C6C2A3003000FE /* IKVote.h in CopyFiles */,
				1EDDF2A317A461330076314A /* IKBasicAlbum.h in CopyFiles */,
				1EDDF2A417A461330076314A /* IKBasicImage.h in CopyFiles */,
				1E085B7A17A45FEF0067BF6E /* IKAccount.h in CopyFiles */,
				1E085B7B17A45FEF0067BF6E /* IKAlbum.h in CopyFiles */,
				1E085B7C17A45FEF0067BF6E /* IKGalleryAlbum.h in CopyFiles */,
				1E085B7D17A45FEF0067BF6E /* IKImage.h in CopyFiles */,
				1E085B7E17A45FEF0067BF6E /* IKGalleryImage.h in CopyFiles */,
				1E929ECA1799D73900D8CFD3 /* AFHTTPClient.h in CopyFiles */,
				1E929ECB1799D73900D8CFD3 /* AFHTTPRequestOperation.h in CopyFiles */,
				1E929ECC1799D73900D8CFD3 /* AFImageRequestOperation.h in CopyFiles */,
				1E929ECD1799D73900D8CFD3 /* AFJSONRequestOperation.h in CopyFiles */,
				1E929ECE1799D73900D8CFD3 /* AFNetworkActivityIndicatorManager.h in CopyFiles */,
				1E929ECF1799D73900D8CFD3 /* AFNetworking.h in CopyFiles */,
				1E929ED01799D73900D8CFD3 /* AFPropertyListRequestOperation.h in CopyFiles */,
				1E929ED11799D73900D8CFD3 /* AFURLConnectionOperation.h in CopyFiles */,
				1E929ED21799D73900D8CFD3 /* AFXMLRequestOperation.h in CopyFiles */,
				1E929ED31799D73900D8CFD3 /* UIImageView+AFNetworking.h in CopyFiles */,
				1E8C72C8177F3BAD00DEE26C /* IKClient.h in CopyFiles */,
				1EB963C317783D99005AA1D5 /* ImgurKit.h in CopyFiles */,
			);
			runOnlyForDeploymentPostprocessing = 0;
		};
/* End PBXCopyFilesBuildPhase section */

/* Begin PBXFileReference section */
		1E0155D617CD426600B13BD2 /* en */ = {isa = PBXFileReference; lastKnownFileType = text.plist.strings; name = en; path = en.lproj/InfoPlist.strings; sourceTree = "<group>"; };
		1E0155D717CD426600B13BD2 /* SenTestingKitAsync-Info.plist */ = {isa = PBXFileReference; lastKnownFileType = text.plist.xml; path = "SenTestingKitAsync-Info.plist"; sourceTree = "<group>"; };
		1E0155D817CD426600B13BD2 /* SenTestingKitAsync-Prefix.pch */ = {isa = PBXFileReference; lastKnownFileType = sourcecode.c.h; path = "SenTestingKitAsync-Prefix.pch"; sourceTree = "<group>"; };
		1E0155D917CD426600B13BD2 /* SenTestingKitAsync.h */ = {isa = PBXFileReference; lastKnownFileType = sourcecode.c.h; path = SenTestingKitAsync.h; sourceTree = "<group>"; };
		1E0155DA17CD426600B13BD2 /* SenTestingKitAsync.m */ = {isa = PBXFileReference; lastKnownFileType = sourcecode.c.objc; path = SenTestingKitAsync.m; sourceTree = "<group>"; };
		1E0392EB178C8A3E00C13A3B /* ImgurKitTests-Info.plist */ = {isa = PBXFileReference; lastKnownFileType = text.plist.xml; path = "ImgurKitTests-Info.plist"; sourceTree = "<group>"; };
		1E085B5517A45FD70067BF6E /* IKAccount.h */ = {isa = PBXFileReference; fileEncoding = 4; lastKnownFileType = sourcecode.c.h; path = IKAccount.h; sourceTree = "<group>"; };
		1E085B5617A45FD70067BF6E /* IKAccount.m */ = {isa = PBXFileReference; fileEncoding = 4; lastKnownFileType = sourcecode.c.objc; path = IKAccount.m; sourceTree = "<group>"; };
		1E085B5817A45FD70067BF6E /* IKAlbum.h */ = {isa = PBXFileReference; fileEncoding = 4; lastKnownFileType = sourcecode.c.h; path = IKAlbum.h; sourceTree = "<group>"; };
		1E085B5917A45FD70067BF6E /* IKAlbum.m */ = {isa = PBXFileReference; fileEncoding = 4; lastKnownFileType = sourcecode.c.objc; path = IKAlbum.m; sourceTree = "<group>"; };
		1E085B5A17A45FD70067BF6E /* IKGalleryAlbum.h */ = {isa = PBXFileReference; fileEncoding = 4; lastKnownFileType = sourcecode.c.h; path = IKGalleryAlbum.h; sourceTree = "<group>"; };
		1E085B5B17A45FD70067BF6E /* IKGalleryAlbum.m */ = {isa = PBXFileReference; fileEncoding = 4; lastKnownFileType = sourcecode.c.objc; path = IKGalleryAlbum.m; sourceTree = "<group>"; };
		1E085B5D17A45FD70067BF6E /* IKGalleryImage.h */ = {isa = PBXFileReference; fileEncoding = 4; lastKnownFileType = sourcecode.c.h; path = IKGalleryImage.h; sourceTree = "<group>"; };
		1E085B5E17A45FD70067BF6E /* IKGalleryImage.m */ = {isa = PBXFileReference; fileEncoding = 4; lastKnownFileType = sourcecode.c.objc; path = IKGalleryImage.m; sourceTree = "<group>"; };
		1E085B5F17A45FD70067BF6E /* IKImage.h */ = {isa = PBXFileReference; fileEncoding = 4; lastKnownFileType = sourcecode.c.h; path = IKImage.h; sourceTree = "<group>"; };
		1E085B6017A45FD70067BF6E /* IKImage.m */ = {isa = PBXFileReference; fileEncoding = 4; lastKnownFileType = sourcecode.c.objc; path = IKImage.m; sourceTree = "<group>"; };
		1E1445AB180AE644001D98BF /* NSURL+ImgurKit.h */ = {isa = PBXFileReference; fileEncoding = 4; lastKnownFileType = sourcecode.c.h; path = "NSURL+ImgurKit.h"; sourceTree = "<group>"; };
		1E1445AC180AE644001D98BF /* NSURL+ImgurKit.m */ = {isa = PBXFileReference; fileEncoding = 4; lastKnownFileType = sourcecode.c.objc; path = "NSURL+ImgurKit.m"; sourceTree = "<group>"; };
		1E1A258C181DDE8200C8ECAA /* ReactiveCocoa.xcodeproj */ = {isa = PBXFileReference; lastKnownFileType = "wrapper.pb-project"; name = ReactiveCocoa.xcodeproj; path = ReactiveCocoa/ReactiveCocoaFramework/ReactiveCocoa.xcodeproj; sourceTree = "<group>"; };
		1E3A765018411B8100C40747 /* NSError+ImgurKit.h */ = {isa = PBXFileReference; fileEncoding = 4; lastKnownFileType = sourcecode.c.h; path = "NSError+ImgurKit.h"; sourceTree = "<group>"; };
		1E3A765118411B8100C40747 /* NSError+ImgurKit.m */ = {isa = PBXFileReference; fileEncoding = 4; lastKnownFileType = sourcecode.c.objc; path = "NSError+ImgurKit.m"; sourceTree = "<group>"; };
		1E3E515E177BB963007E85A2 /* UIKit.framework */ = {isa = PBXFileReference; lastKnownFileType = wrapper.framework; name = UIKit.framework; path = Platforms/iPhoneOS.platform/Developer/SDKs/iPhoneOS6.1.sdk/System/Library/Frameworks/UIKit.framework; sourceTree = DEVELOPER_DIR; };
		1E3E5160177BB96C007E85A2 /* CoreGraphics.framework */ = {isa = PBXFileReference; lastKnownFileType = wrapper.framework; name = CoreGraphics.framework; path = Platforms/iPhoneOS.platform/Developer/SDKs/iPhoneOS6.1.sdk/System/Library/Frameworks/CoreGraphics.framework; sourceTree = DEVELOPER_DIR; };
		1E8C72C1177F3B7D00DEE26C /* IKClient.h */ = {isa = PBXFileReference; fileEncoding = 4; lastKnownFileType = sourcecode.c.h; path = IKClient.h; sourceTree = "<group>"; };
		1E8C72C2177F3B7D00DEE26C /* IKClient.m */ = {isa = PBXFileReference; fileEncoding = 4; lastKnownFileType = sourcecode.c.objc; path = IKClient.m; sourceTree = "<group>"; };
		1E929ED4179A1D1700D8CFD3 /* ImgurKitTests.h */ = {isa = PBXFileReference; fileEncoding = 4; lastKnownFileType = sourcecode.c.h; name = ImgurKitTests.h; path = Tests/ImgurKitTests.h; sourceTree = "<group>"; };
		1E929ED5179A1D1700D8CFD3 /* ImgurKitTests.m */ = {isa = PBXFileReference; fileEncoding = 4; lastKnownFileType = sourcecode.c.objc; name = ImgurKitTests.m; path = Tests/ImgurKitTests.m; sourceTree = "<group>"; };
		1E9A834D177BA83200F01B05 /* Security.framework */ = {isa = PBXFileReference; lastKnownFileType = wrapper.framework; name = Security.framework; path = System/Library/Frameworks/Security.framework; sourceTree = SDKROOT; };
		1E9A834F177BA83A00F01B05 /* Security.framework */ = {isa = PBXFileReference; lastKnownFileType = wrapper.framework; name = Security.framework; path = Platforms/iPhoneOS.platform/Developer/SDKs/iPhoneOS6.1.sdk/System/Library/Frameworks/Security.framework; sourceTree = DEVELOPER_DIR; };
		1E9A8356177BA96800F01B05 /* ImgurKitFrameworkTests.octest */ = {isa = PBXFileReference; explicitFileType = wrapper.cfbundle; includeInIndex = 0; path = ImgurKitFrameworkTests.octest; sourceTree = BUILT_PRODUCTS_DIR; };
		1E9A8371177BA97D00F01B05 /* libImgurKitTests.octest */ = {isa = PBXFileReference; explicitFileType = wrapper.cfbundle; includeInIndex = 0; path = libImgurKitTests.octest; sourceTree = BUILT_PRODUCTS_DIR; };
		1E9A838C177BAAAC00F01B05 /* SenTestingKit.framework */ = {isa = PBXFileReference; lastKnownFileType = wrapper.framework; name = SenTestingKit.framework; path = Library/Frameworks/SenTestingKit.framework; sourceTree = DEVELOPER_DIR; };
		1E9A8390177BAAE200F01B05 /* Foundation.framework */ = {isa = PBXFileReference; lastKnownFileType = wrapper.framework; name = Foundation.framework; path = Platforms/iPhoneOS.platform/Developer/SDKs/iPhoneOS6.1.sdk/System/Library/Frameworks/Foundation.framework; sourceTree = DEVELOPER_DIR; };
		1EB963991778341A005AA1D5 /* ImgurKit.framework */ = {isa = PBXFileReference; explicitFileType = wrapper.framework; includeInIndex = 0; path = ImgurKit.framework; sourceTree = BUILT_PRODUCTS_DIR; };
		1EB963A91778341A005AA1D5 /* ImgurKit.h */ = {isa = PBXFileReference; lastKnownFileType = sourcecode.c.h; path = ImgurKit.h; sourceTree = "<group>"; };
		1EB963B617783D08005AA1D5 /* libImgurKit.a */ = {isa = PBXFileReference; explicitFileType = archive.ar; includeInIndex = 0; path = libImgurKit.a; sourceTree = BUILT_PRODUCTS_DIR; };
		1EB963B717783D08005AA1D5 /* Foundation.framework */ = {isa = PBXFileReference; lastKnownFileType = wrapper.framework; name = Foundation.framework; path = System/Library/Frameworks/Foundation.framework; sourceTree = SDKROOT; };
		1EB963D517784DD2005AA1D5 /* ImgurKit-Info.plist */ = {isa = PBXFileReference; fileEncoding = 4; lastKnownFileType = text.plist.xml; path = "ImgurKit-Info.plist"; sourceTree = "<group>"; };
		1EB9657517785743005AA1D5 /* ImgurKit-Prefix.pch */ = {isa = PBXFileReference; fileEncoding = 4; lastKnownFileType = sourcecode.c.h; path = "ImgurKit-Prefix.pch"; sourceTree = "<group>"; };
		1EB9657917785CC1005AA1D5 /* CoreServices.framework */ = {isa = PBXFileReference; lastKnownFileType = wrapper.framework; name = CoreServices.framework; path = System/Library/Frameworks/CoreServices.framework; sourceTree = SDKROOT; };
		1EB9657A17785CC1005AA1D5 /* SystemConfiguration.framework */ = {isa = PBXFileReference; lastKnownFileType = wrapper.framework; name = SystemConfiguration.framework; path = System/Library/Frameworks/SystemConfiguration.framework; sourceTree = SDKROOT; };
		1EB9657D17785CEE005AA1D5 /* MobileCoreServices.framework */ = {isa = PBXFileReference; lastKnownFileType = wrapper.framework; name = MobileCoreServices.framework; path = Platforms/iPhoneOS.platform/Developer/SDKs/iPhoneOS6.1.sdk/System/Library/Frameworks/MobileCoreServices.framework; sourceTree = DEVELOPER_DIR; };
		1EB9658117785DC8005AA1D5 /* SystemConfiguration.framework */ = {isa = PBXFileReference; lastKnownFileType = wrapper.framework; name = SystemConfiguration.framework; path = Platforms/iPhoneOS.platform/Developer/SDKs/iPhoneOS6.1.sdk/System/Library/Frameworks/SystemConfiguration.framework; sourceTree = DEVELOPER_DIR; };
		1EB9658817785ECD005AA1D5 /* AFHTTPClient.h */ = {isa = PBXFileReference; fileEncoding = 4; lastKnownFileType = sourcecode.c.h; path = AFHTTPClient.h; sourceTree = "<group>"; };
		1EB9658917785ECD005AA1D5 /* AFHTTPClient.m */ = {isa = PBXFileReference; fileEncoding = 4; lastKnownFileType = sourcecode.c.objc; path = AFHTTPClient.m; sourceTree = "<group>"; };
		1EB9658A17785ECD005AA1D5 /* AFHTTPRequestOperation.h */ = {isa = PBXFileReference; fileEncoding = 4; lastKnownFileType = sourcecode.c.h; path = AFHTTPRequestOperation.h; sourceTree = "<group>"; };
		1EB9658B17785ECD005AA1D5 /* AFHTTPRequestOperation.m */ = {isa = PBXFileReference; fileEncoding = 4; lastKnownFileType = sourcecode.c.objc; path = AFHTTPRequestOperation.m; sourceTree = "<group>"; };
		1EB9658C17785ECD005AA1D5 /* AFImageRequestOperation.h */ = {isa = PBXFileReference; fileEncoding = 4; lastKnownFileType = sourcecode.c.h; path = AFImageRequestOperation.h; sourceTree = "<group>"; };
		1EB9658D17785ECD005AA1D5 /* AFImageRequestOperation.m */ = {isa = PBXFileReference; fileEncoding = 4; lastKnownFileType = sourcecode.c.objc; path = AFImageRequestOperation.m; sourceTree = "<group>"; };
		1EB9658E17785ECD005AA1D5 /* AFJSONRequestOperation.h */ = {isa = PBXFileReference; fileEncoding = 4; lastKnownFileType = sourcecode.c.h; path = AFJSONRequestOperation.h; sourceTree = "<group>"; };
		1EB9658F17785ECD005AA1D5 /* AFJSONRequestOperation.m */ = {isa = PBXFileReference; fileEncoding = 4; lastKnownFileType = sourcecode.c.objc; path = AFJSONRequestOperation.m; sourceTree = "<group>"; };
		1EB9659017785ECD005AA1D5 /* AFNetworkActivityIndicatorManager.h */ = {isa = PBXFileReference; fileEncoding = 4; lastKnownFileType = sourcecode.c.h; path = AFNetworkActivityIndicatorManager.h; sourceTree = "<group>"; };
		1EB9659117785ECD005AA1D5 /* AFNetworkActivityIndicatorManager.m */ = {isa = PBXFileReference; fileEncoding = 4; lastKnownFileType = sourcecode.c.objc; path = AFNetworkActivityIndicatorManager.m; sourceTree = "<group>"; };
		1EB9659217785ECD005AA1D5 /* AFNetworking.h */ = {isa = PBXFileReference; fileEncoding = 4; lastKnownFileType = sourcecode.c.h; path = AFNetworking.h; sourceTree = "<group>"; };
		1EB9659317785ECD005AA1D5 /* AFPropertyListRequestOperation.h */ = {isa = PBXFileReference; fileEncoding = 4; lastKnownFileType = sourcecode.c.h; path = AFPropertyListRequestOperation.h; sourceTree = "<group>"; };
		1EB9659417785ECD005AA1D5 /* AFPropertyListRequestOperation.m */ = {isa = PBXFileReference; fileEncoding = 4; lastKnownFileType = sourcecode.c.objc; path = AFPropertyListRequestOperation.m; sourceTree = "<group>"; };
		1EB9659517785ECD005AA1D5 /* AFURLConnectionOperation.h */ = {isa = PBXFileReference; fileEncoding = 4; lastKnownFileType = sourcecode.c.h; path = AFURLConnectionOperation.h; sourceTree = "<group>"; };
		1EB9659617785ECD005AA1D5 /* AFURLConnectionOperation.m */ = {isa = PBXFileReference; fileEncoding = 4; lastKnownFileType = sourcecode.c.objc; path = AFURLConnectionOperation.m; sourceTree = "<group>"; };
		1EB9659717785ECD005AA1D5 /* AFXMLRequestOperation.h */ = {isa = PBXFileReference; fileEncoding = 4; lastKnownFileType = sourcecode.c.h; path = AFXMLRequestOperation.h; sourceTree = "<group>"; };
		1EB9659817785ECD005AA1D5 /* AFXMLRequestOperation.m */ = {isa = PBXFileReference; fileEncoding = 4; lastKnownFileType = sourcecode.c.objc; path = AFXMLRequestOperation.m; sourceTree = "<group>"; };
		1EB9659917785ECD005AA1D5 /* UIImageView+AFNetworking.h */ = {isa = PBXFileReference; fileEncoding = 4; lastKnownFileType = sourcecode.c.h; path = "UIImageView+AFNetworking.h"; sourceTree = "<group>"; };
		1EB9659A17785ECD005AA1D5 /* UIImageView+AFNetworking.m */ = {isa = PBXFileReference; fileEncoding = 4; lastKnownFileType = sourcecode.c.objc; path = "UIImageView+AFNetworking.m"; sourceTree = "<group>"; };
		1EB9664E17786FB3005AA1D5 /* AppKit.framework */ = {isa = PBXFileReference; lastKnownFileType = wrapper.framework; name = AppKit.framework; path = System/Library/Frameworks/AppKit.framework; sourceTree = SDKROOT; };
		1EB9665717789417005AA1D5 /* AFOAuth2Client.h */ = {isa = PBXFileReference; fileEncoding = 4; lastKnownFileType = sourcecode.c.h; path = AFOAuth2Client.h; sourceTree = "<group>"; };
		1EB9665817789417005AA1D5 /* AFOAuth2Client.m */ = {isa = PBXFileReference; fileEncoding = 4; lastKnownFileType = sourcecode.c.objc; path = AFOAuth2Client.m; sourceTree = "<group>"; };
		1EDC1BA817D7A79500880981 /* image-example.jpg */ = {isa = PBXFileReference; lastKnownFileType = image.jpeg; path = "image-example.jpg"; sourceTree = "<group>"; };
		1EDDF29517A461220076314A /* IKBasicAlbum.h */ = {isa = PBXFileReference; fileEncoding = 4; lastKnownFileType = sourcecode.c.h; path = IKBasicAlbum.h; sourceTree = "<group>"; };
		1EDDF29617A461220076314A /* IKBasicAlbum.m */ = {isa = PBXFileReference; fileEncoding = 4; lastKnownFileType = sourcecode.c.objc; path = IKBasicAlbum.m; sourceTree = "<group>"; };
		1EDDF29C17A4612B0076314A /* IKBasicImage.h */ = {isa = PBXFileReference; fileEncoding = 4; lastKnownFileType = sourcecode.c.h; path = IKBasicImage.h; sourceTree = "<group>"; };
		1EDDF29D17A4612B0076314A /* IKBasicImage.m */ = {isa = PBXFileReference; fileEncoding = 4; lastKnownFileType = sourcecode.c.objc; path = IKBasicImage.m; sourceTree = "<group>"; };
		1EF35B4317C6C24D003000FE /* IKVote.h */ = {isa = PBXFileReference; fileEncoding = 4; lastKnownFileType = sourcecode.c.h; path = IKVote.h; sourceTree = "<group>"; };
/* End PBXFileReference section */

/* Begin PBXFrameworksBuildPhase section */
		1E9A8352177BA96800F01B05 /* Frameworks */ = {
			isa = PBXFrameworksBuildPhase;
			buildActionMask = 2147483647;
			files = (
				1E9A838D177BAAAC00F01B05 /* SenTestingKit.framework in Frameworks */,
				1E9A838A177BAAA700F01B05 /* Foundation.framework in Frameworks */,
				1E9A838B177BAAA700F01B05 /* SystemConfiguration.framework in Frameworks */,
				1E9A8387177BAA9300F01B05 /* AppKit.framework in Frameworks */,
				1E9A8388177BAA9300F01B05 /* CoreServices.framework in Frameworks */,
				1E9A8389177BAA9300F01B05 /* Security.framework in Frameworks */,
				1E1A25AB181DDEA900C8ECAA /* ReactiveCocoa.framework in Frameworks */,
			);
			runOnlyForDeploymentPostprocessing = 0;
		};
		1E9A836D177BA97D00F01B05 /* Frameworks */ = {
			isa = PBXFrameworksBuildPhase;
			buildActionMask = 2147483647;
			files = (
				1E3E5161177BB96C007E85A2 /* CoreGraphics.framework in Frameworks */,
				1E3E515F177BB964007E85A2 /* UIKit.framework in Frameworks */,
				1E3E515D177BB8B9007E85A2 /* MobileCoreServices.framework in Frameworks */,
				1E3E515A177BB8AF007E85A2 /* Foundation.framework in Frameworks */,
				1E3E515B177BB8AF007E85A2 /* Security.framework in Frameworks */,
				1E3E515C177BB8AF007E85A2 /* SystemConfiguration.framework in Frameworks */,
				1E3E5156177BB822007E85A2 /* SenTestingKit.framework in Frameworks */,
				1E1A25B1181DDEBF00C8ECAA /* libReactiveCocoa-iOS.a in Frameworks */,
			);
			runOnlyForDeploymentPostprocessing = 0;
		};
		1EB963951778341A005AA1D5 /* Frameworks */ = {
			isa = PBXFrameworksBuildPhase;
			buildActionMask = 2147483647;
			files = (
				1E9A834E177BA83200F01B05 /* Security.framework in Frameworks */,
				1EB9664F17786FB3005AA1D5 /* AppKit.framework in Frameworks */,
				1EB9657B17785CC1005AA1D5 /* CoreServices.framework in Frameworks */,
				1EB963C617783EE6005AA1D5 /* Foundation.framework in Frameworks */,
				1EB9657C17785CC1005AA1D5 /* SystemConfiguration.framework in Frameworks */,
				1E1A25A8181DDE9B00C8ECAA /* ReactiveCocoa.framework in Frameworks */,
			);
			runOnlyForDeploymentPostprocessing = 0;
		};
		1EB963B317783D08005AA1D5 /* Frameworks */ = {
			isa = PBXFrameworksBuildPhase;
			buildActionMask = 2147483647;
			files = (
				1E3E5163177BB979007E85A2 /* CoreGraphics.framework in Frameworks */,
				1E3E5162177BB972007E85A2 /* UIKit.framework in Frameworks */,
				1E9A8350177BA83A00F01B05 /* Security.framework in Frameworks */,
				1EB963B817783D08005AA1D5 /* Foundation.framework in Frameworks */,
				1EB9658217785DC8005AA1D5 /* SystemConfiguration.framework in Frameworks */,
				1EB9657F17785CEE005AA1D5 /* MobileCoreServices.framework in Frameworks */,
				1E1A25AE181DDEB200C8ECAA /* libReactiveCocoa-iOS.a in Frameworks */,
			);
			runOnlyForDeploymentPostprocessing = 0;
		};
/* End PBXFrameworksBuildPhase section */

/* Begin PBXGroup section */
		1E0155D417CD426600B13BD2 /* SenTestingKitAsync */ = {
			isa = PBXGroup;
			children = (
				1E0155D517CD426600B13BD2 /* InfoPlist.strings */,
				1E0155D717CD426600B13BD2 /* SenTestingKitAsync-Info.plist */,
				1E0155D817CD426600B13BD2 /* SenTestingKitAsync-Prefix.pch */,
				1E0155D917CD426600B13BD2 /* SenTestingKitAsync.h */,
				1E0155DA17CD426600B13BD2 /* SenTestingKitAsync.m */,
			);
			name = SenTestingKitAsync;
			path = SenTestingKitAsync/SenTestingKitAsync;
			sourceTree = "<group>";
		};
		1E085B5417A45FD70067BF6E /* Account */ = {
			isa = PBXGroup;
			children = (
				1E085B5517A45FD70067BF6E /* IKAccount.h */,
				1E085B5617A45FD70067BF6E /* IKAccount.m */,
			);
			path = Account;
			sourceTree = "<group>";
		};
		1E085B5717A45FD70067BF6E /* Album */ = {
			isa = PBXGroup;
			children = (
				1EDDF29517A461220076314A /* IKBasicAlbum.h */,
				1EDDF29617A461220076314A /* IKBasicAlbum.m */,
				1E085B5817A45FD70067BF6E /* IKAlbum.h */,
				1E085B5917A45FD70067BF6E /* IKAlbum.m */,
				1E085B5A17A45FD70067BF6E /* IKGalleryAlbum.h */,
				1E085B5B17A45FD70067BF6E /* IKGalleryAlbum.m */,
			);
			path = Album;
			sourceTree = "<group>";
		};
		1E085B5C17A45FD70067BF6E /* Image */ = {
			isa = PBXGroup;
			children = (
				1EDDF29C17A4612B0076314A /* IKBasicImage.h */,
				1EDDF29D17A4612B0076314A /* IKBasicImage.m */,
				1E085B5F17A45FD70067BF6E /* IKImage.h */,
				1E085B6017A45FD70067BF6E /* IKImage.m */,
				1E085B5D17A45FD70067BF6E /* IKGalleryImage.h */,
				1E085B5E17A45FD70067BF6E /* IKGalleryImage.m */,
			);
			path = Image;
			sourceTree = "<group>";
		};
		1E1445A2180AE569001D98BF /* Categories */ = {
			isa = PBXGroup;
			children = (
				1E3A765018411B8100C40747 /* NSError+ImgurKit.h */,
				1E3A765118411B8100C40747 /* NSError+ImgurKit.m */,
				1E1445AB180AE644001D98BF /* NSURL+ImgurKit.h */,
				1E1445AC180AE644001D98BF /* NSURL+ImgurKit.m */,
			);
			path = Categories;
			sourceTree = "<group>";
		};
		1E187BD4178DF5600031D85B /* Models */ = {
			isa = PBXGroup;
			children = (
				1E085B5417A45FD70067BF6E /* Account */,
				1E085B5717A45FD70067BF6E /* Album */,
				1E085B5C17A45FD70067BF6E /* Image */,
				1EF35B4317C6C24D003000FE /* IKVote.h */,
			);
			path = Models;
			sourceTree = "<group>";
		};
		1E1A258D181DDE8200C8ECAA /* Products */ = {
			isa = PBXGroup;
			children = (
				1E1A2599181DDE8300C8ECAA /* ReactiveCocoa.framework */,
				1E1A259B181DDE8300C8ECAA /* libReactiveCocoa-iOS.a */,
				1E1A259D181DDE8300C8ECAA /* ReactiveCocoaTests.octest */,
				1E1A259F181DDE8300C8ECAA /* ReactiveCocoaTests-iOS.octest */,
				1E1A25A1181DDE8300C8ECAA /* ReactiveCocoa-iOS-UIKitTestHost.app */,
				1E1A25A3181DDE8300C8ECAA /* ReactiveCocoa-iOS-UIKitTestHostTests.octest */,
				1E1A25A5181DDE8300C8ECAA /* libReactiveCocoa-Mac.a */,
			);
			name = Products;
			sourceTree = "<group>";
		};
		1E3E50D2177BB4DA007E85A2 /* Tests */ = {
			isa = PBXGroup;
			children = (
				1E929ED4179A1D1700D8CFD3 /* ImgurKitTests.h */,
				1E929ED5179A1D1700D8CFD3 /* ImgurKitTests.m */,
			);
			name = Tests;
			sourceTree = "<group>";
		};
		1EB9638F1778341A005AA1D5 = {
			isa = PBXGroup;
			children = (
				1EB963A21778341A005AA1D5 /* ImgurKit */,
				1EB963D417784DD2005AA1D5 /* Resources */,
				1E3E50D2177BB4DA007E85A2 /* Tests */,
				1EB9658317785ECD005AA1D5 /* Vendors */,
				1EB9639B1778341A005AA1D5 /* Frameworks */,
				1EB9639A1778341A005AA1D5 /* Products */,
			);
			sourceTree = "<group>";
		};
		1EB9639A1778341A005AA1D5 /* Products */ = {
			isa = PBXGroup;
			children = (
				1EB963991778341A005AA1D5 /* ImgurKit.framework */,
				1EB963B617783D08005AA1D5 /* libImgurKit.a */,
				1E9A8356177BA96800F01B05 /* ImgurKitFrameworkTests.octest */,
				1E9A8371177BA97D00F01B05 /* libImgurKitTests.octest */,
			);
			name = Products;
			sourceTree = "<group>";
		};
		1EB9639B1778341A005AA1D5 /* Frameworks */ = {
			isa = PBXGroup;
			children = (
				1E3E5160177BB96C007E85A2 /* CoreGraphics.framework */,
				1E3E515E177BB963007E85A2 /* UIKit.framework */,
				1E9A8390177BAAE200F01B05 /* Foundation.framework */,
				1E9A838C177BAAAC00F01B05 /* SenTestingKit.framework */,
				1E9A834F177BA83A00F01B05 /* Security.framework */,
				1E9A834D177BA83200F01B05 /* Security.framework */,
				1EB9664E17786FB3005AA1D5 /* AppKit.framework */,
				1EB963B717783D08005AA1D5 /* Foundation.framework */,
				1EB9657A17785CC1005AA1D5 /* SystemConfiguration.framework */,
				1EB9658117785DC8005AA1D5 /* SystemConfiguration.framework */,
				1EB9657D17785CEE005AA1D5 /* MobileCoreServices.framework */,
				1EB9657917785CC1005AA1D5 /* CoreServices.framework */,
			);
			name = Frameworks;
			sourceTree = "<group>";
		};
		1EB963A21778341A005AA1D5 /* ImgurKit */ = {
			isa = PBXGroup;
			children = (
				1E1445A2180AE569001D98BF /* Categories */,
				1E187BD4178DF5600031D85B /* Models */,
				1EB963A91778341A005AA1D5 /* ImgurKit.h */,
				1E8C72C1177F3B7D00DEE26C /* IKClient.h */,
				1E8C72C2177F3B7D00DEE26C /* IKClient.m */,
			);
			path = ImgurKit;
			sourceTree = "<group>";
		};
		1EB963D417784DD2005AA1D5 /* Resources */ = {
			isa = PBXGroup;
			children = (
				1EB963D517784DD2005AA1D5 /* ImgurKit-Info.plist */,
				1E0392EB178C8A3E00C13A3B /* ImgurKitTests-Info.plist */,
				1EB9657517785743005AA1D5 /* ImgurKit-Prefix.pch */,
				1EDC1BA817D7A79500880981 /* image-example.jpg */,
			);
			path = Resources;
			sourceTree = "<group>";
		};
		1EB9658317785ECD005AA1D5 /* Vendors */ = {
			isa = PBXGroup;
			children = (
				1EB9658717785ECD005AA1D5 /* AFNetworking */,
				1EB9665617789417005AA1D5 /* AFOAuth2Client */,
				1E0155D417CD426600B13BD2 /* SenTestingKitAsync */,
				1E1A258C181DDE8200C8ECAA /* ReactiveCocoa.xcodeproj */,
			);
			path = Vendors;
			sourceTree = "<group>";
		};
		1EB9658717785ECD005AA1D5 /* AFNetworking */ = {
			isa = PBXGroup;
			children = (
				1EB9658817785ECD005AA1D5 /* AFHTTPClient.h */,
				1EB9658917785ECD005AA1D5 /* AFHTTPClient.m */,
				1EB9658A17785ECD005AA1D5 /* AFHTTPRequestOperation.h */,
				1EB9658B17785ECD005AA1D5 /* AFHTTPRequestOperation.m */,
				1EB9658C17785ECD005AA1D5 /* AFImageRequestOperation.h */,
				1EB9658D17785ECD005AA1D5 /* AFImageRequestOperation.m */,
				1EB9658E17785ECD005AA1D5 /* AFJSONRequestOperation.h */,
				1EB9658F17785ECD005AA1D5 /* AFJSONRequestOperation.m */,
				1EB9659017785ECD005AA1D5 /* AFNetworkActivityIndicatorManager.h */,
				1EB9659117785ECD005AA1D5 /* AFNetworkActivityIndicatorManager.m */,
				1EB9659217785ECD005AA1D5 /* AFNetworking.h */,
				1EB9659317785ECD005AA1D5 /* AFPropertyListRequestOperation.h */,
				1EB9659417785ECD005AA1D5 /* AFPropertyListRequestOperation.m */,
				1EB9659517785ECD005AA1D5 /* AFURLConnectionOperation.h */,
				1EB9659617785ECD005AA1D5 /* AFURLConnectionOperation.m */,
				1EB9659717785ECD005AA1D5 /* AFXMLRequestOperation.h */,
				1EB9659817785ECD005AA1D5 /* AFXMLRequestOperation.m */,
				1EB9659917785ECD005AA1D5 /* UIImageView+AFNetworking.h */,
				1EB9659A17785ECD005AA1D5 /* UIImageView+AFNetworking.m */,
			);
			name = AFNetworking;
			path = AFNetworking/AFNetworking;
			sourceTree = "<group>";
		};
		1EB9665617789417005AA1D5 /* AFOAuth2Client */ = {
			isa = PBXGroup;
			children = (
				1EB9665717789417005AA1D5 /* AFOAuth2Client.h */,
				1EB9665817789417005AA1D5 /* AFOAuth2Client.m */,
			);
			name = AFOAuth2Client;
			path = AFOAuth2Client/AFOAuth2Client;
			sourceTree = "<group>";
		};
/* End PBXGroup section */

/* Begin PBXHeadersBuildPhase section */
		1EB963961778341A005AA1D5 /* Headers */ = {
			isa = PBXHeadersBuildPhase;
			buildActionMask = 2147483647;
			files = (
				1EF35B4417C6C24E003000FE /* IKVote.h in Headers */,
				1EDDF29717A461220076314A /* IKBasicAlbum.h in Headers */,
				1EDDF29E17A4612B0076314A /* IKBasicImage.h in Headers */,
				1E085B6117A45FD70067BF6E /* IKAccount.h in Headers */,
				1E085B6617A45FD70067BF6E /* IKAlbum.h in Headers */,
				1E085B6B17A45FD70067BF6E /* IKGalleryAlbum.h in Headers */,
				1E085B7017A45FD70067BF6E /* IKGalleryImage.h in Headers */,
				1E085B7517A45FD70067BF6E /* IKImage.h in Headers */,
				1EB963C417783DA2005AA1D5 /* ImgurKit.h in Headers */,
				1E8C72C3177F3B7D00DEE26C /* IKClient.h in Headers */,
				1EB965E417785ECE005AA1D5 /* AFHTTPClient.h in Headers */,
				1EB965E717785ECE005AA1D5 /* AFHTTPRequestOperation.h in Headers */,
				1EB965EA17785ECE005AA1D5 /* AFImageRequestOperation.h in Headers */,
				1EB965ED17785ECE005AA1D5 /* AFJSONRequestOperation.h in Headers */,
				1E3A765218411B8100C40747 /* NSError+ImgurKit.h in Headers */,
				1EB965F017785ECE005AA1D5 /* AFNetworkActivityIndicatorManager.h in Headers */,
				1EB965F317785ECE005AA1D5 /* AFNetworking.h in Headers */,
				1EB965F417785ECE005AA1D5 /* AFPropertyListRequestOperation.h in Headers */,
				1EB965F717785ECE005AA1D5 /* AFURLConnectionOperation.h in Headers */,
				1EB965FA17785ECE005AA1D5 /* AFXMLRequestOperation.h in Headers */,
				1EB965FD17785ECE005AA1D5 /* UIImageView+AFNetworking.h in Headers */,
				1EB9665917789417005AA1D5 /* AFOAuth2Client.h in Headers */,
				1E1445AD180AE644001D98BF /* NSURL+ImgurKit.h in Headers */,
			);
			runOnlyForDeploymentPostprocessing = 0;
		};
/* End PBXHeadersBuildPhase section */

/* Begin PBXNativeTarget section */
		1E9A8355177BA96800F01B05 /* ImgurKitFrameworkTests */ = {
			isa = PBXNativeTarget;
			buildConfigurationList = 1E9A8369177BA96800F01B05 /* Build configuration list for PBXNativeTarget "ImgurKitFrameworkTests" */;
			buildPhases = (
				1E9A8351177BA96800F01B05 /* Sources */,
				1E9A8352177BA96800F01B05 /* Frameworks */,
				1E9A8353177BA96800F01B05 /* Resources */,
				1E9A8354177BA96800F01B05 /* ShellScript */,
			);
			buildRules = (
			);
			dependencies = (
				1E1A25AA181DDEA400C8ECAA /* PBXTargetDependency */,
			);
			name = ImgurKitFrameworkTests;
			productName = ImgurKitFrameworkTests;
			productReference = 1E9A8356177BA96800F01B05 /* ImgurKitFrameworkTests.octest */;
			productType = "com.apple.product-type.bundle";
		};
		1E9A8370177BA97D00F01B05 /* libImgurKitTests */ = {
			isa = PBXNativeTarget;
			buildConfigurationList = 1E9A8380177BA97D00F01B05 /* Build configuration list for PBXNativeTarget "libImgurKitTests" */;
			buildPhases = (
				1E9A836C177BA97D00F01B05 /* Sources */,
				1E9A836D177BA97D00F01B05 /* Frameworks */,
				1E9A836E177BA97D00F01B05 /* Resources */,
				1E9A836F177BA97D00F01B05 /* ShellScript */,
			);
			buildRules = (
			);
			dependencies = (
				1E1A25B0181DDEB800C8ECAA /* PBXTargetDependency */,
			);
			name = libImgurKitTests;
			productName = libImgurKitTests;
			productReference = 1E9A8371177BA97D00F01B05 /* libImgurKitTests.octest */;
			productType = "com.apple.product-type.bundle";
		};
		1EB963981778341A005AA1D5 /* ImgurKit.framework */ = {
			isa = PBXNativeTarget;
			buildConfigurationList = 1EB963AE1778341A005AA1D5 /* Build configuration list for PBXNativeTarget "ImgurKit.framework" */;
			buildPhases = (
				1EB963941778341A005AA1D5 /* Sources */,
				1EB963951778341A005AA1D5 /* Frameworks */,
				1EB963961778341A005AA1D5 /* Headers */,
				1EB963971778341A005AA1D5 /* Resources */,
			);
			buildRules = (
			);
			dependencies = (
				1E1A25A7181DDE9800C8ECAA /* PBXTargetDependency */,
			);
			name = ImgurKit.framework;
			productName = ImgurKit;
			productReference = 1EB963991778341A005AA1D5 /* ImgurKit.framework */;
			productType = "com.apple.product-type.framework";
		};
		1EB963B517783D08005AA1D5 /* libImgurKit.a */ = {
			isa = PBXNativeTarget;
			buildConfigurationList = 1EB963C017783D08005AA1D5 /* Build configuration list for PBXNativeTarget "libImgurKit.a" */;
			buildPhases = (
				1EB963B217783D08005AA1D5 /* Sources */,
				1EB963B317783D08005AA1D5 /* Frameworks */,
				1EB963B417783D08005AA1D5 /* CopyFiles */,
			);
			buildRules = (
			);
			dependencies = (
				1E1A25AD181DDEAE00C8ECAA /* PBXTargetDependency */,
			);
			name = libImgurKit.a;
			productName = ImgurKit;
			productReference = 1EB963B617783D08005AA1D5 /* libImgurKit.a */;
			productType = "com.apple.product-type.library.static";
		};
/* End PBXNativeTarget section */

/* Begin PBXProject section */
		1EB963901778341A005AA1D5 /* Project object */ = {
			isa = PBXProject;
			attributes = {
				LastUpgradeCheck = 0500;
				ORGANIZATIONNAME = "Johann PARDANAUD";
				TargetAttributes = {
					1E9A8355177BA96800F01B05 = {
						TestTargetID = 1EB963981778341A005AA1D5;
					};
					1E9A8370177BA97D00F01B05 = {
						TestTargetID = 1EB963B517783D08005AA1D5;
					};
				};
			};
			buildConfigurationList = 1EB963931778341A005AA1D5 /* Build configuration list for PBXProject "ImgurKit" */;
			compatibilityVersion = "Xcode 3.2";
			developmentRegion = English;
			hasScannedForEncodings = 0;
			knownRegions = (
				en,
			);
			mainGroup = 1EB9638F1778341A005AA1D5;
			productRefGroup = 1EB9639A1778341A005AA1D5 /* Products */;
			projectDirPath = "";
			projectReferences = (
				{
					ProductGroup = 1E1A258D181DDE8200C8ECAA /* Products */;
					ProjectRef = 1E1A258C181DDE8200C8ECAA /* ReactiveCocoa.xcodeproj */;
				},
			);
			projectRoot = "";
			targets = (
				1EB963981778341A005AA1D5 /* ImgurKit.framework */,
				1E9A8355177BA96800F01B05 /* ImgurKitFrameworkTests */,
				1EB963B517783D08005AA1D5 /* libImgurKit.a */,
				1E9A8370177BA97D00F01B05 /* libImgurKitTests */,
			);
		};
/* End PBXProject section */

/* Begin PBXReferenceProxy section */
		1E1A2599181DDE8300C8ECAA /* ReactiveCocoa.framework */ = {
			isa = PBXReferenceProxy;
			fileType = wrapper.framework;
			path = ReactiveCocoa.framework;
			remoteRef = 1E1A2598181DDE8300C8ECAA /* PBXContainerItemProxy */;
			sourceTree = BUILT_PRODUCTS_DIR;
		};
		1E1A259B181DDE8300C8ECAA /* libReactiveCocoa-iOS.a */ = {
			isa = PBXReferenceProxy;
			fileType = archive.ar;
			path = "libReactiveCocoa-iOS.a";
			remoteRef = 1E1A259A181DDE8300C8ECAA /* PBXContainerItemProxy */;
			sourceTree = BUILT_PRODUCTS_DIR;
		};
		1E1A259D181DDE8300C8ECAA /* ReactiveCocoaTests.octest */ = {
			isa = PBXReferenceProxy;
			fileType = wrapper.cfbundle;
			path = ReactiveCocoaTests.octest;
			remoteRef = 1E1A259C181DDE8300C8ECAA /* PBXContainerItemProxy */;
			sourceTree = BUILT_PRODUCTS_DIR;
		};
		1E1A259F181DDE8300C8ECAA /* ReactiveCocoaTests-iOS.octest */ = {
			isa = PBXReferenceProxy;
			fileType = wrapper.cfbundle;
			path = "ReactiveCocoaTests-iOS.octest";
			remoteRef = 1E1A259E181DDE8300C8ECAA /* PBXContainerItemProxy */;
			sourceTree = BUILT_PRODUCTS_DIR;
		};
		1E1A25A1181DDE8300C8ECAA /* ReactiveCocoa-iOS-UIKitTestHost.app */ = {
			isa = PBXReferenceProxy;
			fileType = wrapper.application;
			path = "ReactiveCocoa-iOS-UIKitTestHost.app";
			remoteRef = 1E1A25A0181DDE8300C8ECAA /* PBXContainerItemProxy */;
			sourceTree = BUILT_PRODUCTS_DIR;
		};
		1E1A25A3181DDE8300C8ECAA /* ReactiveCocoa-iOS-UIKitTestHostTests.octest */ = {
			isa = PBXReferenceProxy;
			fileType = wrapper.cfbundle;
			path = "ReactiveCocoa-iOS-UIKitTestHostTests.octest";
			remoteRef = 1E1A25A2181DDE8300C8ECAA /* PBXContainerItemProxy */;
			sourceTree = BUILT_PRODUCTS_DIR;
		};
		1E1A25A5181DDE8300C8ECAA /* libReactiveCocoa-Mac.a */ = {
			isa = PBXReferenceProxy;
			fileType = archive.ar;
			path = "libReactiveCocoa-Mac.a";
			remoteRef = 1E1A25A4181DDE8300C8ECAA /* PBXContainerItemProxy */;
			sourceTree = BUILT_PRODUCTS_DIR;
		};
/* End PBXReferenceProxy section */

/* Begin PBXResourcesBuildPhase section */
		1E9A8353177BA96800F01B05 /* Resources */ = {
			isa = PBXResourcesBuildPhase;
			buildActionMask = 2147483647;
			files = (
				1EDC1BAA17D7A84000880981 /* image-example.jpg in Resources */,
			);
			runOnlyForDeploymentPostprocessing = 0;
		};
		1E9A836E177BA97D00F01B05 /* Resources */ = {
			isa = PBXResourcesBuildPhase;
			buildActionMask = 2147483647;
			files = (
				1EDC1BA917D7A83F00880981 /* image-example.jpg in Resources */,
			);
			runOnlyForDeploymentPostprocessing = 0;
		};
		1EB963971778341A005AA1D5 /* Resources */ = {
			isa = PBXResourcesBuildPhase;
			buildActionMask = 2147483647;
			files = (
			);
			runOnlyForDeploymentPostprocessing = 0;
		};
/* End PBXResourcesBuildPhase section */

/* Begin PBXShellScriptBuildPhase section */
		1E9A8354177BA96800F01B05 /* ShellScript */ = {
			isa = PBXShellScriptBuildPhase;
			buildActionMask = 2147483647;
			files = (
			);
			inputPaths = (
			);
			outputPaths = (
			);
			runOnlyForDeploymentPostprocessing = 0;
			shellPath = /bin/sh;
			shellScript = "# Run the unit tests in this test bundle.\n\"${SYSTEM_DEVELOPER_DIR}/Tools/RunUnitTests\"\n";
		};
		1E9A836F177BA97D00F01B05 /* ShellScript */ = {
			isa = PBXShellScriptBuildPhase;
			buildActionMask = 2147483647;
			files = (
			);
			inputPaths = (
			);
			outputPaths = (
			);
			runOnlyForDeploymentPostprocessing = 0;
			shellPath = /bin/sh;
			shellScript = "# Run the unit tests in this test bundle.\n\"${SYSTEM_DEVELOPER_DIR}/Tools/RunUnitTests\"\n";
		};
/* End PBXShellScriptBuildPhase section */

/* Begin PBXSourcesBuildPhase section */
		1E9A8351177BA96800F01B05 /* Sources */ = {
			isa = PBXSourcesBuildPhase;
			buildActionMask = 2147483647;
			files = (
				1E3E50DB177BB58F007E85A2 /* AFHTTPClient.m in Sources */,
				1E3E50DC177BB58F007E85A2 /* AFHTTPRequestOperation.m in Sources */,
				1E3E50DD177BB58F007E85A2 /* AFImageRequestOperation.m in Sources */,
				1E3E50DE177BB58F007E85A2 /* AFJSONRequestOperation.m in Sources */,
				1E3E50DF177BB58F007E85A2 /* AFNetworkActivityIndicatorManager.m in Sources */,
				1E3E50E0177BB58F007E85A2 /* AFPropertyListRequestOperation.m in Sources */,
				1E3E50E1177BB58F007E85A2 /* AFURLConnectionOperation.m in Sources */,
				1E3E50E2177BB58F007E85A2 /* AFXMLRequestOperation.m in Sources */,
				1E3E50E3177BB58F007E85A2 /* UIImageView+AFNetworking.m in Sources */,
				1E3E50E4177BB58F007E85A2 /* AFOAuth2Client.m in Sources */,
				1E8C72C5177F3B7D00DEE26C /* IKClient.m in Sources */,
				1E929ED6179A1D1700D8CFD3 /* ImgurKitTests.m in Sources */,
				1E085B6317A45FD70067BF6E /* IKAccount.m in Sources */,
				1E085B6817A45FD70067BF6E /* IKAlbum.m in Sources */,
				1E085B6D17A45FD70067BF6E /* IKGalleryAlbum.m in Sources */,
				1E1445BD180AF626001D98BF /* NSURL+ImgurKit.m in Sources */,
				1E085B7217A45FD70067BF6E /* IKGalleryImage.m in Sources */,
				1E085B7717A45FD70067BF6E /* IKImage.m in Sources */,
				1EDDF29917A461220076314A /* IKBasicAlbum.m in Sources */,
				1E3A765418411B8100C40747 /* NSError+ImgurKit.m in Sources */,
				1EDDF2A017A4612B0076314A /* IKBasicImage.m in Sources */,
				1E0155DE17CD429700B13BD2 /* SenTestingKitAsync.m in Sources */,
			);
			runOnlyForDeploymentPostprocessing = 0;
		};
		1E9A836C177BA97D00F01B05 /* Sources */ = {
			isa = PBXSourcesBuildPhase;
			buildActionMask = 2147483647;
			files = (
				1E3E50E5177BB58F007E85A2 /* AFHTTPClient.m in Sources */,
				1E3E50E6177BB58F007E85A2 /* AFHTTPRequestOperation.m in Sources */,
				1E3E50E7177BB58F007E85A2 /* AFImageRequestOperation.m in Sources */,
				1E3E50E8177BB58F007E85A2 /* AFJSONRequestOperation.m in Sources */,
				1E3E50E9177BB58F007E85A2 /* AFNetworkActivityIndicatorManager.m in Sources */,
				1E3E50EA177BB58F007E85A2 /* AFPropertyListRequestOperation.m in Sources */,
				1E3E50EB177BB58F007E85A2 /* AFURLConnectionOperation.m in Sources */,
				1E3E50EC177BB58F007E85A2 /* AFXMLRequestOperation.m in Sources */,
				1E3E50ED177BB58F007E85A2 /* UIImageView+AFNetworking.m in Sources */,
				1E3E50EE177BB58F007E85A2 /* AFOAuth2Client.m in Sources */,
				1E8C72C7177F3B7D00DEE26C /* IKClient.m in Sources */,
				1E929ED7179A1D1700D8CFD3 /* ImgurKitTests.m in Sources */,
				1E085B6517A45FD70067BF6E /* IKAccount.m in Sources */,
				1E085B6A17A45FD70067BF6E /* IKAlbum.m in Sources */,
				1E085B6F17A45FD70067BF6E /* IKGalleryAlbum.m in Sources */,
				1E1445BB180AF56F001D98BF /* NSURL+ImgurKit.m in Sources */,
				1E085B7417A45FD70067BF6E /* IKGalleryImage.m in Sources */,
				1E085B7917A45FD70067BF6E /* IKImage.m in Sources */,
				1EDDF29B17A461220076314A /* IKBasicAlbum.m in Sources */,
				1E3A765618411B8100C40747 /* NSError+ImgurKit.m in Sources */,
				1EDDF2A217A4612B0076314A /* IKBasicImage.m in Sources */,
				1E0155DF17CD429700B13BD2 /* SenTestingKitAsync.m in Sources */,
			);
			runOnlyForDeploymentPostprocessing = 0;
		};
		1EB963941778341A005AA1D5 /* Sources */ = {
			isa = PBXSourcesBuildPhase;
			buildActionMask = 2147483647;
			files = (
				1EB965E517785ECE005AA1D5 /* AFHTTPClient.m in Sources */,
				1EB965E817785ECE005AA1D5 /* AFHTTPRequestOperation.m in Sources */,
				1EB965EB17785ECE005AA1D5 /* AFImageRequestOperation.m in Sources */,
				1EB965EE17785ECE005AA1D5 /* AFJSONRequestOperation.m in Sources */,
				1EB965F117785ECE005AA1D5 /* AFNetworkActivityIndicatorManager.m in Sources */,
				1EB965F517785ECE005AA1D5 /* AFPropertyListRequestOperation.m in Sources */,
				1EB965F817785ECE005AA1D5 /* AFURLConnectionOperation.m in Sources */,
				1EB965FB17785ECE005AA1D5 /* AFXMLRequestOperation.m in Sources */,
				1EB965FE17785ECE005AA1D5 /* UIImageView+AFNetworking.m in Sources */,
				1E1445BC180AF625001D98BF /* NSURL+ImgurKit.m in Sources */,
				1EB9665A17789417005AA1D5 /* AFOAuth2Client.m in Sources */,
				1E8C72C4177F3B7D00DEE26C /* IKClient.m in Sources */,
				1E085B6217A45FD70067BF6E /* IKAccount.m in Sources */,
				1E085B6717A45FD70067BF6E /* IKAlbum.m in Sources */,
				1E085B6C17A45FD70067BF6E /* IKGalleryAlbum.m in Sources */,
				1E085B7117A45FD70067BF6E /* IKGalleryImage.m in Sources */,
				1E085B7617A45FD70067BF6E /* IKImage.m in Sources */,
				1E3A765318411B8100C40747 /* NSError+ImgurKit.m in Sources */,
				1EDDF29817A461220076314A /* IKBasicAlbum.m in Sources */,
				1EDDF29F17A4612B0076314A /* IKBasicImage.m in Sources */,
			);
			runOnlyForDeploymentPostprocessing = 0;
		};
		1EB963B217783D08005AA1D5 /* Sources */ = {
			isa = PBXSourcesBuildPhase;
			buildActionMask = 2147483647;
			files = (
				1EB965E617785ECE005AA1D5 /* AFHTTPClient.m in Sources */,
				1EB965E917785ECE005AA1D5 /* AFHTTPRequestOperation.m in Sources */,
				1EB965EC17785ECE005AA1D5 /* AFImageRequestOperation.m in Sources */,
				1EB965EF17785ECE005AA1D5 /* AFJSONRequestOperation.m in Sources */,
				1EB965F217785ECE005AA1D5 /* AFNetworkActivityIndicatorManager.m in Sources */,
				1EB965F617785ECE005AA1D5 /* AFPropertyListRequestOperation.m in Sources */,
				1EB965F917785ECE005AA1D5 /* AFURLConnectionOperation.m in Sources */,
				1EB965FC17785ECE005AA1D5 /* AFXMLRequestOperation.m in Sources */,
				1EB965FF17785ECE005AA1D5 /* UIImageView+AFNetworking.m in Sources */,
				1E1445BA180AF56F001D98BF /* NSURL+ImgurKit.m in Sources */,
				1EB9665B17789417005AA1D5 /* AFOAuth2Client.m in Sources */,
				1E8C72C6177F3B7D00DEE26C /* IKClient.m in Sources */,
				1E085B6417A45FD70067BF6E /* IKAccount.m in Sources */,
				1E085B6917A45FD70067BF6E /* IKAlbum.m in Sources */,
				1E085B6E17A45FD70067BF6E /* IKGalleryAlbum.m in Sources */,
				1E085B7317A45FD70067BF6E /* IKGalleryImage.m in Sources */,
				1E085B7817A45FD70067BF6E /* IKImage.m in Sources */,
				1E3A765518411B8100C40747 /* NSError+ImgurKit.m in Sources */,
				1EDDF29A17A461220076314A /* IKBasicAlbum.m in Sources */,
				1EDDF2A117A4612B0076314A /* IKBasicImage.m in Sources */,
			);
			runOnlyForDeploymentPostprocessing = 0;
		};
/* End PBXSourcesBuildPhase section */

/* Begin PBXTargetDependency section */
		1E1A25A7181DDE9800C8ECAA /* PBXTargetDependency */ = {
			isa = PBXTargetDependency;
			name = ReactiveCocoa;
			targetProxy = 1E1A25A6181DDE9800C8ECAA /* PBXContainerItemProxy */;
		};
		1E1A25AA181DDEA400C8ECAA /* PBXTargetDependency */ = {
			isa = PBXTargetDependency;
			name = ReactiveCocoa;
			targetProxy = 1E1A25A9181DDEA400C8ECAA /* PBXContainerItemProxy */;
		};
		1E1A25AD181DDEAE00C8ECAA /* PBXTargetDependency */ = {
			isa = PBXTargetDependency;
			name = ReactiveCocoa;
			targetProxy = 1E1A25AC181DDEAE00C8ECAA /* PBXContainerItemProxy */;
		};
		1E1A25B0181DDEB800C8ECAA /* PBXTargetDependency */ = {
			isa = PBXTargetDependency;
			name = ReactiveCocoa;
			targetProxy = 1E1A25AF181DDEB800C8ECAA /* PBXContainerItemProxy */;
		};
/* End PBXTargetDependency section */

/* Begin PBXVariantGroup section */
		1E0155D517CD426600B13BD2 /* InfoPlist.strings */ = {
			isa = PBXVariantGroup;
			children = (
				1E0155D617CD426600B13BD2 /* en */,
			);
			name = InfoPlist.strings;
			sourceTree = "<group>";
		};
/* End PBXVariantGroup section */

/* Begin XCBuildConfiguration section */
		1E9A836A177BA96800F01B05 /* Debug */ = {
			isa = XCBuildConfiguration;
			buildSettings = {
				COMBINE_HIDPI_IMAGES = YES;
				FRAMEWORK_SEARCH_PATHS = "\"$(DEVELOPER_LIBRARY_DIR)/Frameworks\"";
				GCC_PRECOMPILE_PREFIX_HEADER = YES;
				GCC_PREFIX_HEADER = "Resources/ImgurKit-Prefix.pch";
				HEADER_SEARCH_PATHS = (
					"$(inherited)",
					/Applications/Xcode.app/Contents/Developer/Toolchains/XcodeDefault.xctoolchain/usr/include,
					"$(BUILD_ROOT)/../IntermediateBuildFilesPath/UninstalledProducts/include/**",
				);
				INFOPLIST_FILE = "Resources/ImgurKitTests-Info.plist";
				PRODUCT_NAME = "$(TARGET_NAME)";
				WRAPPER_EXTENSION = octest;
			};
			name = Debug;
		};
		1E9A836B177BA96800F01B05 /* Release */ = {
			isa = XCBuildConfiguration;
			buildSettings = {
				COMBINE_HIDPI_IMAGES = YES;
				FRAMEWORK_SEARCH_PATHS = "\"$(DEVELOPER_LIBRARY_DIR)/Frameworks\"";
				GCC_PRECOMPILE_PREFIX_HEADER = YES;
				GCC_PREFIX_HEADER = "Resources/ImgurKit-Prefix.pch";
				HEADER_SEARCH_PATHS = (
					"$(inherited)",
					/Applications/Xcode.app/Contents/Developer/Toolchains/XcodeDefault.xctoolchain/usr/include,
					"$(BUILD_ROOT)/../IntermediateBuildFilesPath/UninstalledProducts/include/**",
				);
				INFOPLIST_FILE = "Resources/ImgurKitTests-Info.plist";
				PRODUCT_NAME = "$(TARGET_NAME)";
				WRAPPER_EXTENSION = octest;
			};
			name = Release;
		};
		1E9A8381177BA97D00F01B05 /* Debug */ = {
			isa = XCBuildConfiguration;
			buildSettings = {
				FRAMEWORK_SEARCH_PATHS = (
					"\"$(SDKROOT)/Developer/Library/Frameworks\"",
					"\"$(DEVELOPER_LIBRARY_DIR)/Frameworks\"",
				);
				GCC_PRECOMPILE_PREFIX_HEADER = YES;
				GCC_PREFIX_HEADER = "Resources/ImgurKit-Prefix.pch";
				HEADER_SEARCH_PATHS = (
					"$(inherited)",
					/Applications/Xcode.app/Contents/Developer/Toolchains/XcodeDefault.xctoolchain/usr/include,
					"$(BUILD_ROOT)/../IntermediateBuildFilesPath/UninstalledProducts/include/**",
				);
				INFOPLIST_FILE = "Resources/ImgurKitTests-Info.plist";
				IPHONEOS_DEPLOYMENT_TARGET = 6.1;
				OTHER_LDFLAGS = "-ObjC";
				PRODUCT_NAME = "$(TARGET_NAME)";
				SDKROOT = iphoneos;
				WRAPPER_EXTENSION = octest;
			};
			name = Debug;
		};
		1E9A8382177BA97D00F01B05 /* Release */ = {
			isa = XCBuildConfiguration;
			buildSettings = {
				FRAMEWORK_SEARCH_PATHS = (
					"\"$(SDKROOT)/Developer/Library/Frameworks\"",
					"\"$(DEVELOPER_LIBRARY_DIR)/Frameworks\"",
				);
				GCC_PRECOMPILE_PREFIX_HEADER = YES;
				GCC_PREFIX_HEADER = "Resources/ImgurKit-Prefix.pch";
				HEADER_SEARCH_PATHS = (
					"$(inherited)",
					/Applications/Xcode.app/Contents/Developer/Toolchains/XcodeDefault.xctoolchain/usr/include,
					"$(BUILD_ROOT)/../IntermediateBuildFilesPath/UninstalledProducts/include/**",
				);
				INFOPLIST_FILE = "Resources/ImgurKitTests-Info.plist";
				IPHONEOS_DEPLOYMENT_TARGET = 6.1;
				OTHER_LDFLAGS = "-ObjC";
				PRODUCT_NAME = "$(TARGET_NAME)";
				SDKROOT = iphoneos;
				VALIDATE_PRODUCT = YES;
				WRAPPER_EXTENSION = octest;
			};
			name = Release;
		};
		1EB963AC1778341A005AA1D5 /* Debug */ = {
			isa = XCBuildConfiguration;
			buildSettings = {
				ALWAYS_SEARCH_USER_PATHS = NO;
				CLANG_CXX_LANGUAGE_STANDARD = "gnu++0x";
				CLANG_CXX_LIBRARY = "libc++";
				CLANG_ENABLE_OBJC_ARC = YES;
				CLANG_WARN_CONSTANT_CONVERSION = YES;
				CLANG_WARN_EMPTY_BODY = YES;
				CLANG_WARN_ENUM_CONVERSION = YES;
				CLANG_WARN_INT_CONVERSION = YES;
				CLANG_WARN__DUPLICATE_METHOD_MATCH = YES;
				COPY_PHASE_STRIP = NO;
				GCC_C_LANGUAGE_STANDARD = gnu99;
				GCC_DYNAMIC_NO_PIC = NO;
				GCC_ENABLE_OBJC_EXCEPTIONS = YES;
				GCC_OPTIMIZATION_LEVEL = 0;
				GCC_PREPROCESSOR_DEFINITIONS = (
					"DEBUG=1",
					"$(inherited)",
				);
				GCC_SYMBOLS_PRIVATE_EXTERN = NO;
				GCC_WARN_64_TO_32_BIT_CONVERSION = YES;
				GCC_WARN_ABOUT_RETURN_TYPE = YES;
				GCC_WARN_UNINITIALIZED_AUTOS = YES;
				GCC_WARN_UNUSED_VARIABLE = YES;
				MACOSX_DEPLOYMENT_TARGET = 10.8;
				ONLY_ACTIVE_ARCH = YES;
				SDKROOT = macosx;
			};
			name = Debug;
		};
		1EB963AD1778341A005AA1D5 /* Release */ = {
			isa = XCBuildConfiguration;
			buildSettings = {
				ALWAYS_SEARCH_USER_PATHS = NO;
				CLANG_CXX_LANGUAGE_STANDARD = "gnu++0x";
				CLANG_CXX_LIBRARY = "libc++";
				CLANG_ENABLE_OBJC_ARC = YES;
				CLANG_WARN_CONSTANT_CONVERSION = YES;
				CLANG_WARN_EMPTY_BODY = YES;
				CLANG_WARN_ENUM_CONVERSION = YES;
				CLANG_WARN_INT_CONVERSION = YES;
				CLANG_WARN__DUPLICATE_METHOD_MATCH = YES;
				COPY_PHASE_STRIP = YES;
				DEBUG_INFORMATION_FORMAT = "dwarf-with-dsym";
				GCC_C_LANGUAGE_STANDARD = gnu99;
				GCC_ENABLE_OBJC_EXCEPTIONS = YES;
				GCC_WARN_64_TO_32_BIT_CONVERSION = YES;
				GCC_WARN_ABOUT_RETURN_TYPE = YES;
				GCC_WARN_UNINITIALIZED_AUTOS = YES;
				GCC_WARN_UNUSED_VARIABLE = YES;
				MACOSX_DEPLOYMENT_TARGET = 10.8;
				SDKROOT = macosx;
			};
			name = Release;
		};
		1EB963AF1778341A005AA1D5 /* Debug */ = {
			isa = XCBuildConfiguration;
			buildSettings = {
				COMBINE_HIDPI_IMAGES = YES;
				DYLIB_COMPATIBILITY_VERSION = 1;
				DYLIB_CURRENT_VERSION = 1;
				FRAMEWORK_VERSION = A;
				GCC_PRECOMPILE_PREFIX_HEADER = YES;
				GCC_PREFIX_HEADER = "Resources/ImgurKit-Prefix.pch";
				HEADER_SEARCH_PATHS = (
					"ImgurKit/**",
					"Vendors/**",
					"$(BUILD_ROOT)/../IntermediateBuildFilesPath/UninstalledProducts/include/**",
				);
				INFOPLIST_FILE = "Resources/ImgurKit-Info.plist";
				PRODUCT_NAME = ImgurKit;
				USER_HEADER_SEARCH_PATHS = "ImgurKit/** Vendors/**";
				WRAPPER_EXTENSION = framework;
			};
			name = Debug;
		};
		1EB963B01778341A005AA1D5 /* Release */ = {
			isa = XCBuildConfiguration;
			buildSettings = {
				COMBINE_HIDPI_IMAGES = YES;
				DYLIB_COMPATIBILITY_VERSION = 1;
				DYLIB_CURRENT_VERSION = 1;
				FRAMEWORK_VERSION = A;
				GCC_PRECOMPILE_PREFIX_HEADER = YES;
				GCC_PREFIX_HEADER = "Resources/ImgurKit-Prefix.pch";
				HEADER_SEARCH_PATHS = (
					"ImgurKit/**",
					"Vendors/**",
					"$(BUILD_ROOT)/../IntermediateBuildFilesPath/UninstalledProducts/include/**",
				);
				INFOPLIST_FILE = "Resources/ImgurKit-Info.plist";
				PRODUCT_NAME = ImgurKit;
				USER_HEADER_SEARCH_PATHS = "ImgurKit/** Vendors/**";
				WRAPPER_EXTENSION = framework;
			};
			name = Release;
		};
		1EB963C117783D08005AA1D5 /* Debug */ = {
			isa = XCBuildConfiguration;
			buildSettings = {
				DSTROOT = /tmp/ImgurKit.dst;
				GCC_PRECOMPILE_PREFIX_HEADER = YES;
				GCC_PREFIX_HEADER = "Resources/ImgurKit-Prefix.pch";
				HEADER_SEARCH_PATHS = (
					"$(inherited)",
					/Applications/Xcode.app/Contents/Developer/Toolchains/XcodeDefault.xctoolchain/usr/include,
					"$(BUILD_ROOT)/../IntermediateBuildFilesPath/UninstalledProducts/include/**",
				);
				IPHONEOS_DEPLOYMENT_TARGET = 6.1;
				OTHER_LDFLAGS = "-ObjC";
				PRODUCT_NAME = ImgurKit;
				SDKROOT = iphoneos;
				SKIP_INSTALL = YES;
			};
			name = Debug;
		};
		1EB963C217783D08005AA1D5 /* Release */ = {
			isa = XCBuildConfiguration;
			buildSettings = {
				DSTROOT = /tmp/ImgurKit.dst;
				GCC_PRECOMPILE_PREFIX_HEADER = YES;
				GCC_PREFIX_HEADER = "Resources/ImgurKit-Prefix.pch";
				HEADER_SEARCH_PATHS = (
					"$(inherited)",
					/Applications/Xcode.app/Contents/Developer/Toolchains/XcodeDefault.xctoolchain/usr/include,
					"$(BUILD_ROOT)/../IntermediateBuildFilesPath/UninstalledProducts/include/**",
				);
				IPHONEOS_DEPLOYMENT_TARGET = 6.1;
				OTHER_LDFLAGS = "-ObjC";
				PRODUCT_NAME = ImgurKit;
				SDKROOT = iphoneos;
				SKIP_INSTALL = YES;
				VALIDATE_PRODUCT = YES;
			};
			name = Release;
		};
/* End XCBuildConfiguration section */

/* Begin XCConfigurationList section */
		1E9A8369177BA96800F01B05 /* Build configuration list for PBXNativeTarget "ImgurKitFrameworkTests" */ = {
			isa = XCConfigurationList;
			buildConfigurations = (
				1E9A836A177BA96800F01B05 /* Debug */,
				1E9A836B177BA96800F01B05 /* Release */,
			);
			defaultConfigurationIsVisible = 0;
			defaultConfigurationName = Release;
		};
		1E9A8380177BA97D00F01B05 /* Build configuration list for PBXNativeTarget "libImgurKitTests" */ = {
			isa = XCConfigurationList;
			buildConfigurations = (
				1E9A8381177BA97D00F01B05 /* Debug */,
				1E9A8382177BA97D00F01B05 /* Release */,
			);
			defaultConfigurationIsVisible = 0;
			defaultConfigurationName = Release;
		};
		1EB963931778341A005AA1D5 /* Build configuration list for PBXProject "ImgurKit" */ = {
			isa = XCConfigurationList;
			buildConfigurations = (
				1EB963AC1778341A005AA1D5 /* Debug */,
				1EB963AD1778341A005AA1D5 /* Release */,
			);
			defaultConfigurationIsVisible = 0;
			defaultConfigurationName = Release;
		};
		1EB963AE1778341A005AA1D5 /* Build configuration list for PBXNativeTarget "ImgurKit.framework" */ = {
			isa = XCConfigurationList;
			buildConfigurations = (
				1EB963AF1778341A005AA1D5 /* Debug */,
				1EB963B01778341A005AA1D5 /* Release */,
			);
			defaultConfigurationIsVisible = 0;
			defaultConfigurationName = Release;
		};
		1EB963C017783D08005AA1D5 /* Build configuration list for PBXNativeTarget "libImgurKit.a" */ = {
			isa = XCConfigurationList;
			buildConfigurations = (
				1EB963C117783D08005AA1D5 /* Debug */,
				1EB963C217783D08005AA1D5 /* Release */,
			);
			defaultConfigurationIsVisible = 0;
			defaultConfigurationName = Release;
		};
/* End XCConfigurationList section */
	};
	rootObject = 1EB963901778341A005AA1D5 /* Project object */;
}
